// !$*UTF8*$!
{
	archiveVersion = 1;
	classes = {
	};
	objectVersion = 50;
	objects = {

/* Begin PBXBuildFile section */
		610B2F9522D508320005CE68 /* GSCXReport.h in Headers */ = {isa = PBXBuildFile; fileRef = 610B2F8C22D508310005CE68 /* GSCXReport.h */; settings = {ATTRIBUTES = (Public, ); }; };
		610B2F9622D508320005CE68 /* GSCXReportContext.h in Headers */ = {isa = PBXBuildFile; fileRef = 610B2F9022D508310005CE68 /* GSCXReportContext.h */; settings = {ATTRIBUTES = (Public, ); }; };
		610B2F9722D508320005CE68 /* GSCXAnalytics.h in Headers */ = {isa = PBXBuildFile; fileRef = 610B2F9122D508310005CE68 /* GSCXAnalytics.h */; settings = {ATTRIBUTES = (Public, ); }; };
		610B2F9822D508320005CE68 /* GSCXReportContext.m in Sources */ = {isa = PBXBuildFile; fileRef = 610B2F9222D508310005CE68 /* GSCXReportContext.m */; };
		610B2F9922D508320005CE68 /* GSCXReport.m in Sources */ = {isa = PBXBuildFile; fileRef = 610B2F9322D508320005CE68 /* GSCXReport.m */; };
		610B2F9A22D508320005CE68 /* GSCXAnalytics.m in Sources */ = {isa = PBXBuildFile; fileRef = 610B2F9422D508320005CE68 /* GSCXAnalytics.m */; };
		616525DF2208F12E00CBC788 /* GSCXScanner.m in Sources */ = {isa = PBXBuildFile; fileRef = 616525BA2208F12C00CBC788 /* GSCXScanner.m */; };
		616525E02208F12E00CBC788 /* GSCXScanner.h in Headers */ = {isa = PBXBuildFile; fileRef = 616525BB2208F12C00CBC788 /* GSCXScanner.h */; settings = {ATTRIBUTES = (Public, ); }; };
		616525E22208F12E00CBC788 /* GSCXAutoInstaller.m in Sources */ = {isa = PBXBuildFile; fileRef = 616525BD2208F12C00CBC788 /* GSCXAutoInstaller.m */; };
		616525E32208F12E00CBC788 /* GSCXScannerScreenshotViewController.xib in Resources */ = {isa = PBXBuildFile; fileRef = 616525BE2208F12C00CBC788 /* GSCXScannerScreenshotViewController.xib */; };
		616525E62208F12E00CBC788 /* GSCXScannerScreenshotViewController.m in Sources */ = {isa = PBXBuildFile; fileRef = 616525C12208F12C00CBC788 /* GSCXScannerScreenshotViewController.m */; };
		616525E72208F12E00CBC788 /* GSCXInstaller.h in Headers */ = {isa = PBXBuildFile; fileRef = 616525C22208F12C00CBC788 /* GSCXInstaller.h */; settings = {ATTRIBUTES = (Public, ); }; };
		616525EA2208F12E00CBC788 /* GSCXScannerOverlayViewController.m in Sources */ = {isa = PBXBuildFile; fileRef = 616525C52208F12D00CBC788 /* GSCXScannerOverlayViewController.m */; };
		616525ED2208F12E00CBC788 /* GSCXScannerOverlayViewController.xib in Resources */ = {isa = PBXBuildFile; fileRef = 616525C82208F12D00CBC788 /* GSCXScannerOverlayViewController.xib */; };
		616525F22208F12E00CBC788 /* GSCXScannerOverlayViewController.h in Headers */ = {isa = PBXBuildFile; fileRef = 616525CD2208F12D00CBC788 /* GSCXScannerOverlayViewController.h */; settings = {ATTRIBUTES = (Public, ); }; };
		616525F32208F12E00CBC788 /* GSCXAutoInstaller.h in Headers */ = {isa = PBXBuildFile; fileRef = 616525CE2208F12D00CBC788 /* GSCXAutoInstaller.h */; settings = {ATTRIBUTES = (Public, ); }; };
		616525F62208F12E00CBC788 /* GSCXInstaller.m in Sources */ = {isa = PBXBuildFile; fileRef = 616525D12208F12D00CBC788 /* GSCXInstaller.m */; };
		616525F72208F12E00CBC788 /* GSCXScannerScreenshotViewController.h in Headers */ = {isa = PBXBuildFile; fileRef = 616525D22208F12D00CBC788 /* GSCXScannerScreenshotViewController.h */; settings = {ATTRIBUTES = (Public, ); }; };
		616525F92208F12E00CBC788 /* GSCXRingView.m in Sources */ = {isa = PBXBuildFile; fileRef = 616525D42208F12D00CBC788 /* GSCXRingView.m */; };
		616525FB2208F12E00CBC788 /* GSCXRingView.h in Headers */ = {isa = PBXBuildFile; fileRef = 616525D62208F12D00CBC788 /* GSCXRingView.h */; settings = {ATTRIBUTES = (Public, ); }; };
		616525FE2208F12E00CBC788 /* GSCXScannerDelegate.h in Headers */ = {isa = PBXBuildFile; fileRef = 616525D92208F12E00CBC788 /* GSCXScannerDelegate.h */; settings = {ATTRIBUTES = (Public, ); }; };
		DC3551A824AC327C003398A4 /* GSCXColoredView.m in Sources */ = {isa = PBXBuildFile; fileRef = DC3551A424AC327C003398A4 /* GSCXColoredView.m */; };
		DC3551A924AC327C003398A4 /* GSCXColoredView.h in Headers */ = {isa = PBXBuildFile; fileRef = DC3551A524AC327C003398A4 /* GSCXColoredView.h */; settings = {ATTRIBUTES = (Public, ); }; };
		DC3551AA24AC327C003398A4 /* GSCXAdjustableAccessibilityElement.h in Headers */ = {isa = PBXBuildFile; fileRef = DC3551A624AC327C003398A4 /* GSCXAdjustableAccessibilityElement.h */; settings = {ATTRIBUTES = (Public, ); }; };
		DC3551AB24AC327C003398A4 /* GSCXAdjustableAccessibilityElement.m in Sources */ = {isa = PBXBuildFile; fileRef = DC3551A724AC327C003398A4 /* GSCXAdjustableAccessibilityElement.m */; };
		DC43C75A25D5FEE00095BD45 /* GTXHierarchyResultCollection+GSCXReport.h in Headers */ = {isa = PBXBuildFile; fileRef = DC43C75425D5FEE00095BD45 /* GTXHierarchyResultCollection+GSCXReport.h */; };
		DC43C75B25D5FEE00095BD45 /* GTXElementResultCollection+GSCXReport.m in Sources */ = {isa = PBXBuildFile; fileRef = DC43C75525D5FEE00095BD45 /* GTXElementResultCollection+GSCXReport.m */; };
		DC43C75C25D5FEE00095BD45 /* GTXElementResultCollection+GSCXReport.h in Headers */ = {isa = PBXBuildFile; fileRef = DC43C75625D5FEE00095BD45 /* GTXElementResultCollection+GSCXReport.h */; };
		DC43C75D25D5FEE00095BD45 /* GTXHierarchyResultCollection+GSCXReport.m in Sources */ = {isa = PBXBuildFile; fileRef = DC43C75725D5FEE00095BD45 /* GTXHierarchyResultCollection+GSCXReport.m */; };
		DC43C75E25D5FEE00095BD45 /* GSCXOverlayViewArranger.h in Headers */ = {isa = PBXBuildFile; fileRef = DC43C75825D5FEE00095BD45 /* GSCXOverlayViewArranger.h */; };
		DC43C75F25D5FEE00095BD45 /* GSCXOverlayViewArranger.m in Sources */ = {isa = PBXBuildFile; fileRef = DC43C75925D5FEE00095BD45 /* GSCXOverlayViewArranger.m */; };
		DC63B4382499A14B004084AE /* Assets.xcassets in Resources */ = {isa = PBXBuildFile; fileRef = DC63B4372499A14B004084AE /* Assets.xcassets */; };
		DC8E693D249AAB7800AA4A80 /* GSCXScannerIssueExpandableTableViewCell.h in Headers */ = {isa = PBXBuildFile; fileRef = DC8E691A249AAB7500AA4A80 /* GSCXScannerIssueExpandableTableViewCell.h */; settings = {ATTRIBUTES = (Public, ); }; };
		DC8E693E249AAB7800AA4A80 /* GSCXScannerIssueExpandableTableViewCell.m in Sources */ = {isa = PBXBuildFile; fileRef = DC8E691B249AAB7500AA4A80 /* GSCXScannerIssueExpandableTableViewCell.m */; };
		DC8E693F249AAB7800AA4A80 /* GSCXContinuousScannerListTabBarUtils.m in Sources */ = {isa = PBXBuildFile; fileRef = DC8E691C249AAB7600AA4A80 /* GSCXContinuousScannerListTabBarUtils.m */; };
		DC8E6940249AAB7800AA4A80 /* GSCXContinuousScannerGridViewController.m in Sources */ = {isa = PBXBuildFile; fileRef = DC8E691D249AAB7600AA4A80 /* GSCXContinuousScannerGridViewController.m */; };
		DC8E6941249AAB7800AA4A80 /* GSCXScannerIssueExpandableTableViewDelegate.h in Headers */ = {isa = PBXBuildFile; fileRef = DC8E691E249AAB7600AA4A80 /* GSCXScannerIssueExpandableTableViewDelegate.h */; settings = {ATTRIBUTES = (Public, ); }; };
		DC8E6942249AAB7800AA4A80 /* GSCXScanResultsPageConstants.h in Headers */ = {isa = PBXBuildFile; fileRef = DC8E691F249AAB7600AA4A80 /* GSCXScanResultsPageConstants.h */; settings = {ATTRIBUTES = (Public, ); }; };
		DC8E6943249AAB7800AA4A80 /* GSCXScannerIssueTableViewSection.h in Headers */ = {isa = PBXBuildFile; fileRef = DC8E6920249AAB7600AA4A80 /* GSCXScannerIssueTableViewSection.h */; settings = {ATTRIBUTES = (Public, ); }; };
		DC8E6944249AAB7800AA4A80 /* UIView+NSLayoutConstraint.m in Sources */ = {isa = PBXBuildFile; fileRef = DC8E6921249AAB7600AA4A80 /* UIView+NSLayoutConstraint.m */; };
		DC8E6945249AAB7800AA4A80 /* GSCXContinuousScannerGridCell.m in Sources */ = {isa = PBXBuildFile; fileRef = DC8E6922249AAB7600AA4A80 /* GSCXContinuousScannerGridCell.m */; };
		DC8E6946249AAB7800AA4A80 /* GSCXContinuousScannerScreenshotViewController.h in Headers */ = {isa = PBXBuildFile; fileRef = DC8E6923249AAB7600AA4A80 /* GSCXContinuousScannerScreenshotViewController.h */; settings = {ATTRIBUTES = (Public, ); }; };
		DC8E6947249AAB7800AA4A80 /* GSCXContinuousScannerScreenshotViewController.m in Sources */ = {isa = PBXBuildFile; fileRef = DC8E6924249AAB7600AA4A80 /* GSCXContinuousScannerScreenshotViewController.m */; };
		DC8E6948249AAB7800AA4A80 /* GSCXScannerIssueTableViewSection.m in Sources */ = {isa = PBXBuildFile; fileRef = DC8E6925249AAB7600AA4A80 /* GSCXScannerIssueTableViewSection.m */; };
		DC8E6949249AAB7800AA4A80 /* GSCXContinuousScannerListViewController.m in Sources */ = {isa = PBXBuildFile; fileRef = DC8E6926249AAB7600AA4A80 /* GSCXContinuousScannerListViewController.m */; };
		DC8E694A249AAB7800AA4A80 /* GSCXContinuousScannerListTabBarViewController.h in Headers */ = {isa = PBXBuildFile; fileRef = DC8E6927249AAB7600AA4A80 /* GSCXContinuousScannerListTabBarViewController.h */; settings = {ATTRIBUTES = (Public, ); }; };
		DC8E694B249AAB7800AA4A80 /* GSCXScannerIssueExpandableTableViewDelegate.m in Sources */ = {isa = PBXBuildFile; fileRef = DC8E6928249AAB7600AA4A80 /* GSCXScannerIssueExpandableTableViewDelegate.m */; };
		DC8E694C249AAB7800AA4A80 /* GSCXContinuousScannerGridViewController.h in Headers */ = {isa = PBXBuildFile; fileRef = DC8E6929249AAB7600AA4A80 /* GSCXContinuousScannerGridViewController.h */; settings = {ATTRIBUTES = (Public, ); }; };
		DC8E694D249AAB7800AA4A80 /* GSCXScannerIssueTableViewRow.h in Headers */ = {isa = PBXBuildFile; fileRef = DC8E692A249AAB7600AA4A80 /* GSCXScannerIssueTableViewRow.h */; settings = {ATTRIBUTES = (Public, ); }; };
		DC8E694E249AAB7800AA4A80 /* GSCXContinuousScannerListTabBarViewController.m in Sources */ = {isa = PBXBuildFile; fileRef = DC8E692B249AAB7600AA4A80 /* GSCXContinuousScannerListTabBarViewController.m */; };
		DC8E694F249AAB7800AA4A80 /* GSCXContinuousScannerGridViewController.xib in Resources */ = {isa = PBXBuildFile; fileRef = DC8E692C249AAB7700AA4A80 /* GSCXContinuousScannerGridViewController.xib */; };
		DC8E6950249AAB7800AA4A80 /* GSCXContinuousScannerListViewController.h in Headers */ = {isa = PBXBuildFile; fileRef = DC8E692D249AAB7700AA4A80 /* GSCXContinuousScannerListViewController.h */; settings = {ATTRIBUTES = (Public, ); }; };
		DC8E6951249AAB7800AA4A80 /* GSCXContinuousScannerListViewController.xib in Resources */ = {isa = PBXBuildFile; fileRef = DC8E692E249AAB7700AA4A80 /* GSCXContinuousScannerListViewController.xib */; };
		DC8E6952249AAB7800AA4A80 /* GSCXScannerIssueTableViewRow.m in Sources */ = {isa = PBXBuildFile; fileRef = DC8E692F249AAB7700AA4A80 /* GSCXScannerIssueTableViewRow.m */; };
		DC8E6953249AAB7800AA4A80 /* GSCXContinuousScannerGridCell.h in Headers */ = {isa = PBXBuildFile; fileRef = DC8E6930249AAB7700AA4A80 /* GSCXContinuousScannerGridCell.h */; settings = {ATTRIBUTES = (Public, ); }; };
		DC8E6954249AAB7800AA4A80 /* GSCXScanResultsPageConstants.m in Sources */ = {isa = PBXBuildFile; fileRef = DC8E6931249AAB7700AA4A80 /* GSCXScanResultsPageConstants.m */; };
		DC8E6955249AAB7800AA4A80 /* GSCXScannerIssueExpandableTableViewHeader.h in Headers */ = {isa = PBXBuildFile; fileRef = DC8E6932249AAB7700AA4A80 /* GSCXScannerIssueExpandableTableViewHeader.h */; settings = {ATTRIBUTES = (Public, ); }; };
		DC8E6956249AAB7800AA4A80 /* UIView+GSCXAppearance.h in Headers */ = {isa = PBXBuildFile; fileRef = DC8E6933249AAB7700AA4A80 /* UIView+GSCXAppearance.h */; settings = {ATTRIBUTES = (Public, ); }; };
		DC8E6957249AAB7800AA4A80 /* UIView+NSLayoutConstraint.h in Headers */ = {isa = PBXBuildFile; fileRef = DC8E6934249AAB7700AA4A80 /* UIView+NSLayoutConstraint.h */; settings = {ATTRIBUTES = (Public, ); }; };
		DC8E6958249AAB7800AA4A80 /* GSCXScannerIssueExpandableTableViewHeader.m in Sources */ = {isa = PBXBuildFile; fileRef = DC8E6935249AAB7700AA4A80 /* GSCXScannerIssueExpandableTableViewHeader.m */; };
		DC8E6959249AAB7800AA4A80 /* GSCXImageNames.m in Sources */ = {isa = PBXBuildFile; fileRef = DC8E6936249AAB7700AA4A80 /* GSCXImageNames.m */; };
		DC8E695A249AAB7800AA4A80 /* GSCXImageNames.h in Headers */ = {isa = PBXBuildFile; fileRef = DC8E6937249AAB7700AA4A80 /* GSCXImageNames.h */; settings = {ATTRIBUTES = (Public, ); }; };
		DC8E695B249AAB7800AA4A80 /* GSCXContinuousScannerListTabBarItem.h in Headers */ = {isa = PBXBuildFile; fileRef = DC8E6938249AAB7700AA4A80 /* GSCXContinuousScannerListTabBarItem.h */; settings = {ATTRIBUTES = (Public, ); }; };
		DC8E695C249AAB7800AA4A80 /* GSCXContinuousScannerScreenshotViewController.xib in Resources */ = {isa = PBXBuildFile; fileRef = DC8E6939249AAB7700AA4A80 /* GSCXContinuousScannerScreenshotViewController.xib */; };
		DC8E695D249AAB7800AA4A80 /* GSCXContinuousScannerListTabBarItem.m in Sources */ = {isa = PBXBuildFile; fileRef = DC8E693A249AAB7800AA4A80 /* GSCXContinuousScannerListTabBarItem.m */; };
		DC8E695E249AAB7800AA4A80 /* UIView+GSCXAppearance.m in Sources */ = {isa = PBXBuildFile; fileRef = DC8E693B249AAB7800AA4A80 /* UIView+GSCXAppearance.m */; };
		DC8E695F249AAB7800AA4A80 /* GSCXContinuousScannerListTabBarUtils.h in Headers */ = {isa = PBXBuildFile; fileRef = DC8E693C249AAB7800AA4A80 /* GSCXContinuousScannerListTabBarUtils.h */; settings = {ATTRIBUTES = (Public, ); }; };
		DCA420C123FF382700C8D9F3 /* GSCXInstallerOptions.m in Sources */ = {isa = PBXBuildFile; fileRef = DCA4208123FF381500C8D9F3 /* GSCXInstallerOptions.m */; };
		DCA420C223FF382700C8D9F3 /* GSCXContinuousScannerGalleryViewController.m in Sources */ = {isa = PBXBuildFile; fileRef = DCA4208523FF381500C8D9F3 /* GSCXContinuousScannerGalleryViewController.m */; };
		DCA420C323FF382700C8D9F3 /* GSCXScannerSettingsViewController.xib in Resources */ = {isa = PBXBuildFile; fileRef = DCA4208623FF381500C8D9F3 /* GSCXScannerSettingsViewController.xib */; };
		DCA420C423FF382700C8D9F3 /* GSCXDefaultSharingDelegate.h in Headers */ = {isa = PBXBuildFile; fileRef = DCA4208723FF381500C8D9F3 /* GSCXDefaultSharingDelegate.h */; settings = {ATTRIBUTES = (Public, ); }; };
		DCA420C523FF382700C8D9F3 /* UIApplication+GSCXSwizzling.m in Sources */ = {isa = PBXBuildFile; fileRef = DCA4208823FF381600C8D9F3 /* UIApplication+GSCXSwizzling.m */; };
		DCA420C623FF382700C8D9F3 /* GSCXResultsWindowCoordinating.h in Headers */ = {isa = PBXBuildFile; fileRef = DCA4208923FF381600C8D9F3 /* GSCXResultsWindowCoordinating.h */; settings = {ATTRIBUTES = (Public, ); }; };
		DCA420C723FF382700C8D9F3 /* GSCXScannerOverlayWindow.h in Headers */ = {isa = PBXBuildFile; fileRef = DCA4208A23FF381600C8D9F3 /* GSCXScannerOverlayWindow.h */; settings = {ATTRIBUTES = (Public, ); }; };
		DCA420C823FF382700C8D9F3 /* GSCXContinuousScannerResultViewController.h in Headers */ = {isa = PBXBuildFile; fileRef = DCA4208B23FF381700C8D9F3 /* GSCXContinuousScannerResultViewController.h */; settings = {ATTRIBUTES = (Public, ); }; };
		DCA420C923FF382700C8D9F3 /* GSCXScannerSettingsViewController.h in Headers */ = {isa = PBXBuildFile; fileRef = DCA4208C23FF381700C8D9F3 /* GSCXScannerSettingsViewController.h */; settings = {ATTRIBUTES = (Public, ); }; };
		DCA420CA23FF382700C8D9F3 /* GSCXScannerSettingsItem.h in Headers */ = {isa = PBXBuildFile; fileRef = DCA4208D23FF381700C8D9F3 /* GSCXScannerSettingsItem.h */; settings = {ATTRIBUTES = (Public, ); }; };
		DCA420CB23FF382700C8D9F3 /* GSCXScannerSettingsTableViewCell.h in Headers */ = {isa = PBXBuildFile; fileRef = DCA4208E23FF381700C8D9F3 /* GSCXScannerSettingsTableViewCell.h */; settings = {ATTRIBUTES = (Public, ); }; };
		DCA420CC23FF382700C8D9F3 /* GSCXContinuousScanner.m in Sources */ = {isa = PBXBuildFile; fileRef = DCA4208F23FF381700C8D9F3 /* GSCXContinuousScanner.m */; };
		DCA420CD23FF382700C8D9F3 /* GSCXContinuousScannerResultViewController.m in Sources */ = {isa = PBXBuildFile; fileRef = DCA4209023FF381800C8D9F3 /* GSCXContinuousScannerResultViewController.m */; };
		DCA420CE23FF382700C8D9F3 /* GSCXScannerWindowCoordinator+Internal.h in Headers */ = {isa = PBXBuildFile; fileRef = DCA4209123FF381800C8D9F3 /* GSCXScannerWindowCoordinator+Internal.h */; settings = {ATTRIBUTES = (Public, ); }; };
		DCA420CF23FF382700C8D9F3 /* GSCXScannerSettingsBlockItem.h in Headers */ = {isa = PBXBuildFile; fileRef = DCA4209223FF381800C8D9F3 /* GSCXScannerSettingsBlockItem.h */; settings = {ATTRIBUTES = (Public, ); }; };
		DCA420D023FF382700C8D9F3 /* GSCXSwizzledMethodNotifier.m in Sources */ = {isa = PBXBuildFile; fileRef = DCA4209323FF381900C8D9F3 /* GSCXSwizzledMethodNotifier.m */; };
		DCA420D123FF382700C8D9F3 /* GSCXContinuousScannerPeriodicScheduler.h in Headers */ = {isa = PBXBuildFile; fileRef = DCA4209423FF381900C8D9F3 /* GSCXContinuousScannerPeriodicScheduler.h */; settings = {ATTRIBUTES = (Public, ); }; };
		DCA420D223FF382700C8D9F3 /* GSCXSwizzledMethodNotifier.h in Headers */ = {isa = PBXBuildFile; fileRef = DCA4209523FF381900C8D9F3 /* GSCXSwizzledMethodNotifier.h */; settings = {ATTRIBUTES = (Public, ); }; };
		DCA420D323FF382700C8D9F3 /* GSCXContinuousScannerGalleryViewController.h in Headers */ = {isa = PBXBuildFile; fileRef = DCA4209623FF381A00C8D9F3 /* GSCXContinuousScannerGalleryViewController.h */; settings = {ATTRIBUTES = (Public, ); }; };
		DCA420D423FF382700C8D9F3 /* GSCXScannerResultCarousel.m in Sources */ = {isa = PBXBuildFile; fileRef = DCA4209723FF381A00C8D9F3 /* GSCXScannerResultCarousel.m */; };
		DCA420D523FF382700C8D9F3 /* GSCXScannerResultCarouselCollectionViewCell.m in Sources */ = {isa = PBXBuildFile; fileRef = DCA4209823FF381A00C8D9F3 /* GSCXScannerResultCarouselCollectionViewCell.m */; };
		DCA420D623FF382700C8D9F3 /* GSCXScannerWindowCoordinator.h in Headers */ = {isa = PBXBuildFile; fileRef = DCA4209923FF381B00C8D9F3 /* GSCXScannerWindowCoordinator.h */; settings = {ATTRIBUTES = (Public, ); }; };
		DCA420D723FF382700C8D9F3 /* GSCXScannerSettingsViewController.m in Sources */ = {isa = PBXBuildFile; fileRef = DCA4209A23FF381B00C8D9F3 /* GSCXScannerSettingsViewController.m */; };
		DCA420D823FF382700C8D9F3 /* GSCXUtils.h in Headers */ = {isa = PBXBuildFile; fileRef = DCA4209B23FF381B00C8D9F3 /* GSCXUtils.h */; settings = {ATTRIBUTES = (Public, ); }; };
		DCA420D923FF382700C8D9F3 /* GSCXInstallerOptions.h in Headers */ = {isa = PBXBuildFile; fileRef = DCA4209C23FF381C00C8D9F3 /* GSCXInstallerOptions.h */; settings = {ATTRIBUTES = (Public, ); }; };
		DCA420DA23FF382700C8D9F3 /* UIApplication+GSCXSwizzling.h in Headers */ = {isa = PBXBuildFile; fileRef = DCA4209D23FF381C00C8D9F3 /* UIApplication+GSCXSwizzling.h */; settings = {ATTRIBUTES = (Public, ); }; };
		DCA420DB23FF382700C8D9F3 /* GSCXScannerResultCarouselView.h in Headers */ = {isa = PBXBuildFile; fileRef = DCA4209E23FF381C00C8D9F3 /* GSCXScannerResultCarouselView.h */; settings = {ATTRIBUTES = (Public, ); }; };
		DCA420DC23FF382700C8D9F3 /* GSCXAppActivityMonitor.h in Headers */ = {isa = PBXBuildFile; fileRef = DCA4209F23FF381C00C8D9F3 /* GSCXAppActivityMonitor.h */; settings = {ATTRIBUTES = (Public, ); }; };
		DCA420DD23FF382700C8D9F3 /* UIViewController+GSCXAppearance.m in Sources */ = {isa = PBXBuildFile; fileRef = DCA420A023FF381D00C8D9F3 /* UIViewController+GSCXAppearance.m */; };
		DCA420DE23FF382700C8D9F3 /* GSCXMasterScheduler.h in Headers */ = {isa = PBXBuildFile; fileRef = DCA420A123FF381D00C8D9F3 /* GSCXMasterScheduler.h */; settings = {ATTRIBUTES = (Public, ); }; };
		DCA420DF23FF382700C8D9F3 /* GSCXContinuousScannerPeriodicScheduler.m in Sources */ = {isa = PBXBuildFile; fileRef = DCA420A223FF381D00C8D9F3 /* GSCXContinuousScannerPeriodicScheduler.m */; };
		DCA420E023FF382700C8D9F3 /* NSLayoutConstraint+GSCXUtilities.h in Headers */ = {isa = PBXBuildFile; fileRef = DCA420A323FF381E00C8D9F3 /* NSLayoutConstraint+GSCXUtilities.h */; settings = {ATTRIBUTES = (Public, ); }; };
		DCA420E123FF382700C8D9F3 /* GSCXRingViewArranger.h in Headers */ = {isa = PBXBuildFile; fileRef = DCA420A423FF381E00C8D9F3 /* GSCXRingViewArranger.h */; settings = {ATTRIBUTES = (Public, ); }; };
		DCA420E223FF382700C8D9F3 /* GSCXAppActivityMonitor.m in Sources */ = {isa = PBXBuildFile; fileRef = DCA420A523FF381E00C8D9F3 /* GSCXAppActivityMonitor.m */; };
		DCA420E323FF382700C8D9F3 /* GSCXDefaultSharingDelegate.m in Sources */ = {isa = PBXBuildFile; fileRef = DCA420A623FF381E00C8D9F3 /* GSCXDefaultSharingDelegate.m */; };
		DCA420E423FF382700C8D9F3 /* GSCXMasterScheduler.m in Sources */ = {isa = PBXBuildFile; fileRef = DCA420A723FF381F00C8D9F3 /* GSCXMasterScheduler.m */; };
		DCA420E523FF382700C8D9F3 /* GSCXContinuousScannerScheduling.h in Headers */ = {isa = PBXBuildFile; fileRef = DCA420A823FF381F00C8D9F3 /* GSCXContinuousScannerScheduling.h */; settings = {ATTRIBUTES = (Public, ); }; };
		DCA420E623FF382700C8D9F3 /* GSCXTouchActivitySource.h in Headers */ = {isa = PBXBuildFile; fileRef = DCA420A923FF382000C8D9F3 /* GSCXTouchActivitySource.h */; settings = {ATTRIBUTES = (Public, ); }; };
		DCA420E723FF382700C8D9F3 /* GSCXScannerSettingsTableViewCell.m in Sources */ = {isa = PBXBuildFile; fileRef = DCA420AA23FF382000C8D9F3 /* GSCXScannerSettingsTableViewCell.m */; };
		DCA420E823FF382700C8D9F3 /* GSCXContinuousScannerGalleryDetailViewData.m in Sources */ = {isa = PBXBuildFile; fileRef = DCA420AB23FF382000C8D9F3 /* GSCXContinuousScannerGalleryDetailViewData.m */; };
		DCA420E923FF382700C8D9F3 /* GSCXUtils.m in Sources */ = {isa = PBXBuildFile; fileRef = DCA420AC23FF382100C8D9F3 /* GSCXUtils.m */; };
		DCA420EA23FF382700C8D9F3 /* GSCXScannerWindowCoordinator.m in Sources */ = {isa = PBXBuildFile; fileRef = DCA420AD23FF382100C8D9F3 /* GSCXScannerWindowCoordinator.m */; };
		DCA420EB23FF382700C8D9F3 /* GSCXScannerOverlayWindow.m in Sources */ = {isa = PBXBuildFile; fileRef = DCA420AE23FF382100C8D9F3 /* GSCXScannerOverlayWindow.m */; };
		DCA420EC23FF382700C8D9F3 /* GSCXScannerResultCarouselView.m in Sources */ = {isa = PBXBuildFile; fileRef = DCA420AF23FF382100C8D9F3 /* GSCXScannerResultCarouselView.m */; };
		DCA420ED23FF382700C8D9F3 /* GSCXTouchActivitySource.m in Sources */ = {isa = PBXBuildFile; fileRef = DCA420B023FF382200C8D9F3 /* GSCXTouchActivitySource.m */; };
		DCA420EE23FF382700C8D9F3 /* GSCXRingViewArranger.m in Sources */ = {isa = PBXBuildFile; fileRef = DCA420B123FF382200C8D9F3 /* GSCXRingViewArranger.m */; };
		DCA420EF23FF382700C8D9F3 /* GSCXScannerResultCarouselCollectionViewCell.h in Headers */ = {isa = PBXBuildFile; fileRef = DCA420B223FF382200C8D9F3 /* GSCXScannerResultCarouselCollectionViewCell.h */; settings = {ATTRIBUTES = (Public, ); }; };
		DCA420F023FF382700C8D9F3 /* GSCXScannerSettingsItemConfiguring.h in Headers */ = {isa = PBXBuildFile; fileRef = DCA420B323FF382300C8D9F3 /* GSCXScannerSettingsItemConfiguring.h */; settings = {ATTRIBUTES = (Public, ); }; };
		DCA420F123FF382700C8D9F3 /* GSCXScannerSettingsBlockItem.m in Sources */ = {isa = PBXBuildFile; fileRef = DCA420B423FF382300C8D9F3 /* GSCXScannerSettingsBlockItem.m */; };
		DCA420F223FF382700C8D9F3 /* GSCXSharingDelegate.h in Headers */ = {isa = PBXBuildFile; fileRef = DCA420B523FF382300C8D9F3 /* GSCXSharingDelegate.h */; settings = {ATTRIBUTES = (Public, ); }; };
		DCA420F323FF382700C8D9F3 /* GSCXContinuousScanner.h in Headers */ = {isa = PBXBuildFile; fileRef = DCA420B623FF382400C8D9F3 /* GSCXContinuousScanner.h */; settings = {ATTRIBUTES = (Public, ); }; };
		DCA420F423FF382700C8D9F3 /* NSLayoutConstraint+GSCXUtilities.m in Sources */ = {isa = PBXBuildFile; fileRef = DCA420B723FF382400C8D9F3 /* NSLayoutConstraint+GSCXUtilities.m */; };
		DCA420F523FF382700C8D9F3 /* GSCXActivitySourceMonitoring.h in Headers */ = {isa = PBXBuildFile; fileRef = DCA420B823FF382400C8D9F3 /* GSCXActivitySourceMonitoring.h */; settings = {ATTRIBUTES = (Public, ); }; };
		DCA420F623FF382700C8D9F3 /* GSCXContinuousScannerResultViewController.xib in Resources */ = {isa = PBXBuildFile; fileRef = DCA420B923FF382500C8D9F3 /* GSCXContinuousScannerResultViewController.xib */; };
		DCA420F723FF382700C8D9F3 /* UIViewController+GSCXAppearance.h in Headers */ = {isa = PBXBuildFile; fileRef = DCA420BA23FF382500C8D9F3 /* UIViewController+GSCXAppearance.h */; settings = {ATTRIBUTES = (Public, ); }; };
		DCA420F823FF382700C8D9F3 /* GSCXContinuousScannerGalleryViewController.xib in Resources */ = {isa = PBXBuildFile; fileRef = DCA420BB23FF382500C8D9F3 /* GSCXContinuousScannerGalleryViewController.xib */; };
		DCA420F923FF382700C8D9F3 /* GSCXContinuousScannerDelegate.h in Headers */ = {isa = PBXBuildFile; fileRef = DCA420BC23FF382500C8D9F3 /* GSCXContinuousScannerDelegate.h */; settings = {ATTRIBUTES = (Public, ); }; };
		DCA420FA23FF382700C8D9F3 /* GSCXScannerSettingsItem.m in Sources */ = {isa = PBXBuildFile; fileRef = DCA420BD23FF382600C8D9F3 /* GSCXScannerSettingsItem.m */; };
		DCA420FB23FF382700C8D9F3 /* GSCXScannerResultCarousel.h in Headers */ = {isa = PBXBuildFile; fileRef = DCA420BE23FF382600C8D9F3 /* GSCXScannerResultCarousel.h */; settings = {ATTRIBUTES = (Public, ); }; };
		DCA420FC23FF382700C8D9F3 /* GSCXContinuousScannerGalleryDetailViewData.h in Headers */ = {isa = PBXBuildFile; fileRef = DCA420BF23FF382600C8D9F3 /* GSCXContinuousScannerGalleryDetailViewData.h */; settings = {ATTRIBUTES = (Public, ); }; };
		DCA420FD23FF382700C8D9F3 /* GSCXInstallerOptions+Internal.h in Headers */ = {isa = PBXBuildFile; fileRef = DCA420C023FF382700C8D9F3 /* GSCXInstallerOptions+Internal.h */; settings = {ATTRIBUTES = (Public, ); }; };
/* End PBXBuildFile section */

/* Begin PBXContainerItemProxy section */
		616526092208F14C00CBC788 /* PBXContainerItemProxy */ = {
			isa = PBXContainerItemProxy;
			containerPortal = 616526022208F14C00CBC788 /* GTXiLib.xcodeproj */;
			proxyType = 2;
			remoteGlobalIDString = 613C3F41204A09E8007D44A8;
			remoteInfo = GTXiLib;
		};
		6165260B2208F14C00CBC788 /* PBXContainerItemProxy */ = {
			isa = PBXContainerItemProxy;
			containerPortal = 616526022208F14C00CBC788 /* GTXiLib.xcodeproj */;
			proxyType = 2;
			remoteGlobalIDString = 6115E786204F5BA2003E32F9;
			remoteInfo = GTXiUnitTests;
		};
		6165260D2208F14C00CBC788 /* PBXContainerItemProxy */ = {
			isa = PBXContainerItemProxy;
			containerPortal = 616526022208F14C00CBC788 /* GTXiLib.xcodeproj */;
			proxyType = 2;
			remoteGlobalIDString = 61284DAD211E3F8300F8FF29;
			remoteInfo = TestApp;
		};
		6165260F2208F14C00CBC788 /* PBXContainerItemProxy */ = {
			isa = PBXContainerItemProxy;
			containerPortal = 616526022208F14C00CBC788 /* GTXiLib.xcodeproj */;
			proxyType = 2;
			remoteGlobalIDString = 61284DE0211E442700F8FF29;
			remoteInfo = FunctionalTests;
		};
		616526112208F15500CBC788 /* PBXContainerItemProxy */ = {
			isa = PBXContainerItemProxy;
			containerPortal = 616526022208F14C00CBC788 /* GTXiLib.xcodeproj */;
			proxyType = 1;
			remoteGlobalIDString = 613C3F40204A09E7007D44A8;
			remoteInfo = GTXiLib;
		};
		DC43C74E25D5FEA00095BD45 /* PBXContainerItemProxy */ = {
			isa = PBXContainerItemProxy;
			containerPortal = 616526022208F14C00CBC788 /* GTXiLib.xcodeproj */;
			proxyType = 2;
			remoteGlobalIDString = 616FDFA425BF4CFE00CCCAD5;
			remoteInfo = GTXOOPIntegrationTests;
		};
		DC43C75025D5FEA00095BD45 /* PBXContainerItemProxy */ = {
			isa = PBXContainerItemProxy;
			containerPortal = 616526022208F14C00CBC788 /* GTXiLib.xcodeproj */;
			proxyType = 2;
			remoteGlobalIDString = 616FE01125BF4E8600CCCAD5;
			remoteInfo = GTXOOPFunctionalTests;
		};
		DC43C75225D5FEA00095BD45 /* PBXContainerItemProxy */ = {
			isa = PBXContainerItemProxy;
			containerPortal = 616526022208F14C00CBC788 /* GTXiLib.xcodeproj */;
			proxyType = 2;
			remoteGlobalIDString = 616FE02625BF4E9A00CCCAD5;
			remoteInfo = GTXOOPUnitTests;
		};
/* End PBXContainerItemProxy section */

/* Begin PBXFileReference section */
		610B2F8C22D508310005CE68 /* GSCXReport.h */ = {isa = PBXFileReference; fileEncoding = 4; lastKnownFileType = sourcecode.c.h; name = GSCXReport.h; path = Sources/GSCXReport.h; sourceTree = SOURCE_ROOT; };
		610B2F9022D508310005CE68 /* GSCXReportContext.h */ = {isa = PBXFileReference; fileEncoding = 4; lastKnownFileType = sourcecode.c.h; name = GSCXReportContext.h; path = Sources/GSCXReportContext.h; sourceTree = SOURCE_ROOT; };
		610B2F9122D508310005CE68 /* GSCXAnalytics.h */ = {isa = PBXFileReference; fileEncoding = 4; lastKnownFileType = sourcecode.c.h; name = GSCXAnalytics.h; path = Sources/GSCXAnalytics.h; sourceTree = SOURCE_ROOT; };
		610B2F9222D508310005CE68 /* GSCXReportContext.m */ = {isa = PBXFileReference; fileEncoding = 4; lastKnownFileType = sourcecode.c.objc; name = GSCXReportContext.m; path = Sources/GSCXReportContext.m; sourceTree = SOURCE_ROOT; };
		610B2F9322D508320005CE68 /* GSCXReport.m */ = {isa = PBXFileReference; fileEncoding = 4; lastKnownFileType = sourcecode.c.objc; name = GSCXReport.m; path = Sources/GSCXReport.m; sourceTree = SOURCE_ROOT; };
		610B2F9422D508320005CE68 /* GSCXAnalytics.m */ = {isa = PBXFileReference; fileEncoding = 4; lastKnownFileType = sourcecode.c.objc; name = GSCXAnalytics.m; path = Sources/GSCXAnalytics.m; sourceTree = SOURCE_ROOT; };
		616525AB2208F0EE00CBC788 /* GSCXScanner.framework */ = {isa = PBXFileReference; explicitFileType = wrapper.framework; includeInIndex = 0; path = GSCXScanner.framework; sourceTree = BUILT_PRODUCTS_DIR; };
		616525B62208F11E00CBC788 /* Info.plist */ = {isa = PBXFileReference; fileEncoding = 4; lastKnownFileType = text.plist.xml; path = Info.plist; sourceTree = SOURCE_ROOT; };
		616525BA2208F12C00CBC788 /* GSCXScanner.m */ = {isa = PBXFileReference; fileEncoding = 4; lastKnownFileType = sourcecode.c.objc; name = GSCXScanner.m; path = Sources/GSCXScanner.m; sourceTree = SOURCE_ROOT; };
		616525BB2208F12C00CBC788 /* GSCXScanner.h */ = {isa = PBXFileReference; fileEncoding = 4; lastKnownFileType = sourcecode.c.h; name = GSCXScanner.h; path = Sources/GSCXScanner.h; sourceTree = SOURCE_ROOT; };
		616525BD2208F12C00CBC788 /* GSCXAutoInstaller.m */ = {isa = PBXFileReference; fileEncoding = 4; lastKnownFileType = sourcecode.c.objc; name = GSCXAutoInstaller.m; path = Sources/GSCXAutoInstaller.m; sourceTree = SOURCE_ROOT; };
		616525BE2208F12C00CBC788 /* GSCXScannerScreenshotViewController.xib */ = {isa = PBXFileReference; fileEncoding = 4; lastKnownFileType = file.xib; name = GSCXScannerScreenshotViewController.xib; path = Sources/GSCXScannerScreenshotViewController.xib; sourceTree = SOURCE_ROOT; };
		616525C12208F12C00CBC788 /* GSCXScannerScreenshotViewController.m */ = {isa = PBXFileReference; fileEncoding = 4; lastKnownFileType = sourcecode.c.objc; name = GSCXScannerScreenshotViewController.m; path = Sources/GSCXScannerScreenshotViewController.m; sourceTree = SOURCE_ROOT; };
		616525C22208F12C00CBC788 /* GSCXInstaller.h */ = {isa = PBXFileReference; fileEncoding = 4; lastKnownFileType = sourcecode.c.h; name = GSCXInstaller.h; path = Sources/GSCXInstaller.h; sourceTree = SOURCE_ROOT; };
		616525C52208F12D00CBC788 /* GSCXScannerOverlayViewController.m */ = {isa = PBXFileReference; fileEncoding = 4; lastKnownFileType = sourcecode.c.objc; name = GSCXScannerOverlayViewController.m; path = Sources/GSCXScannerOverlayViewController.m; sourceTree = SOURCE_ROOT; };
		616525C82208F12D00CBC788 /* GSCXScannerOverlayViewController.xib */ = {isa = PBXFileReference; fileEncoding = 4; lastKnownFileType = file.xib; name = GSCXScannerOverlayViewController.xib; path = Sources/GSCXScannerOverlayViewController.xib; sourceTree = SOURCE_ROOT; };
		616525CD2208F12D00CBC788 /* GSCXScannerOverlayViewController.h */ = {isa = PBXFileReference; fileEncoding = 4; lastKnownFileType = sourcecode.c.h; name = GSCXScannerOverlayViewController.h; path = Sources/GSCXScannerOverlayViewController.h; sourceTree = SOURCE_ROOT; };
		616525CE2208F12D00CBC788 /* GSCXAutoInstaller.h */ = {isa = PBXFileReference; fileEncoding = 4; lastKnownFileType = sourcecode.c.h; name = GSCXAutoInstaller.h; path = Sources/GSCXAutoInstaller.h; sourceTree = SOURCE_ROOT; };
		616525D12208F12D00CBC788 /* GSCXInstaller.m */ = {isa = PBXFileReference; fileEncoding = 4; lastKnownFileType = sourcecode.c.objc; name = GSCXInstaller.m; path = Sources/GSCXInstaller.m; sourceTree = SOURCE_ROOT; };
		616525D22208F12D00CBC788 /* GSCXScannerScreenshotViewController.h */ = {isa = PBXFileReference; fileEncoding = 4; lastKnownFileType = sourcecode.c.h; name = GSCXScannerScreenshotViewController.h; path = Sources/GSCXScannerScreenshotViewController.h; sourceTree = SOURCE_ROOT; };
		616525D42208F12D00CBC788 /* GSCXRingView.m */ = {isa = PBXFileReference; fileEncoding = 4; lastKnownFileType = sourcecode.c.objc; name = GSCXRingView.m; path = Sources/GSCXRingView.m; sourceTree = SOURCE_ROOT; };
		616525D62208F12D00CBC788 /* GSCXRingView.h */ = {isa = PBXFileReference; fileEncoding = 4; lastKnownFileType = sourcecode.c.h; name = GSCXRingView.h; path = Sources/GSCXRingView.h; sourceTree = SOURCE_ROOT; };
		616525D92208F12E00CBC788 /* GSCXScannerDelegate.h */ = {isa = PBXFileReference; fileEncoding = 4; lastKnownFileType = sourcecode.c.h; name = GSCXScannerDelegate.h; path = Sources/GSCXScannerDelegate.h; sourceTree = SOURCE_ROOT; };
		616526022208F14C00CBC788 /* GTXiLib.xcodeproj */ = {isa = PBXFileReference; lastKnownFileType = "wrapper.pb-project"; name = GTXiLib.xcodeproj; path = ../GTXiLib/GTXiLib.xcodeproj; sourceTree = "<group>"; };
		DC3551A424AC327C003398A4 /* GSCXColoredView.m */ = {isa = PBXFileReference; fileEncoding = 4; lastKnownFileType = sourcecode.c.objc; name = GSCXColoredView.m; path = Sources/GSCXColoredView.m; sourceTree = SOURCE_ROOT; };
		DC3551A524AC327C003398A4 /* GSCXColoredView.h */ = {isa = PBXFileReference; fileEncoding = 4; lastKnownFileType = sourcecode.c.h; name = GSCXColoredView.h; path = Sources/GSCXColoredView.h; sourceTree = SOURCE_ROOT; };
		DC3551A624AC327C003398A4 /* GSCXAdjustableAccessibilityElement.h */ = {isa = PBXFileReference; fileEncoding = 4; lastKnownFileType = sourcecode.c.h; name = GSCXAdjustableAccessibilityElement.h; path = Sources/GSCXAdjustableAccessibilityElement.h; sourceTree = SOURCE_ROOT; };
		DC3551A724AC327C003398A4 /* GSCXAdjustableAccessibilityElement.m */ = {isa = PBXFileReference; fileEncoding = 4; lastKnownFileType = sourcecode.c.objc; name = GSCXAdjustableAccessibilityElement.m; path = Sources/GSCXAdjustableAccessibilityElement.m; sourceTree = SOURCE_ROOT; };
		DC43C75425D5FEE00095BD45 /* GTXHierarchyResultCollection+GSCXReport.h */ = {isa = PBXFileReference; fileEncoding = 4; lastKnownFileType = sourcecode.c.h; name = "GTXHierarchyResultCollection+GSCXReport.h"; path = "Sources/GTXHierarchyResultCollection+GSCXReport.h"; sourceTree = SOURCE_ROOT; };
		DC43C75525D5FEE00095BD45 /* GTXElementResultCollection+GSCXReport.m */ = {isa = PBXFileReference; fileEncoding = 4; lastKnownFileType = sourcecode.c.objc; name = "GTXElementResultCollection+GSCXReport.m"; path = "Sources/GTXElementResultCollection+GSCXReport.m"; sourceTree = SOURCE_ROOT; };
		DC43C75625D5FEE00095BD45 /* GTXElementResultCollection+GSCXReport.h */ = {isa = PBXFileReference; fileEncoding = 4; lastKnownFileType = sourcecode.c.h; name = "GTXElementResultCollection+GSCXReport.h"; path = "Sources/GTXElementResultCollection+GSCXReport.h"; sourceTree = SOURCE_ROOT; };
		DC43C75725D5FEE00095BD45 /* GTXHierarchyResultCollection+GSCXReport.m */ = {isa = PBXFileReference; fileEncoding = 4; lastKnownFileType = sourcecode.c.objc; name = "GTXHierarchyResultCollection+GSCXReport.m"; path = "Sources/GTXHierarchyResultCollection+GSCXReport.m"; sourceTree = SOURCE_ROOT; };
		DC43C75825D5FEE00095BD45 /* GSCXOverlayViewArranger.h */ = {isa = PBXFileReference; fileEncoding = 4; lastKnownFileType = sourcecode.c.h; name = GSCXOverlayViewArranger.h; path = Sources/GSCXOverlayViewArranger.h; sourceTree = SOURCE_ROOT; };
		DC43C75925D5FEE00095BD45 /* GSCXOverlayViewArranger.m */ = {isa = PBXFileReference; fileEncoding = 4; lastKnownFileType = sourcecode.c.objc; name = GSCXOverlayViewArranger.m; path = Sources/GSCXOverlayViewArranger.m; sourceTree = SOURCE_ROOT; };
		DC63B4372499A14B004084AE /* Assets.xcassets */ = {isa = PBXFileReference; lastKnownFileType = folder.assetcatalog; path = Assets.xcassets; sourceTree = "<group>"; };
		DC8E691A249AAB7500AA4A80 /* GSCXScannerIssueExpandableTableViewCell.h */ = {isa = PBXFileReference; fileEncoding = 4; lastKnownFileType = sourcecode.c.h; name = GSCXScannerIssueExpandableTableViewCell.h; path = Sources/GSCXScannerIssueExpandableTableViewCell.h; sourceTree = SOURCE_ROOT; };
		DC8E691B249AAB7500AA4A80 /* GSCXScannerIssueExpandableTableViewCell.m */ = {isa = PBXFileReference; fileEncoding = 4; lastKnownFileType = sourcecode.c.objc; name = GSCXScannerIssueExpandableTableViewCell.m; path = Sources/GSCXScannerIssueExpandableTableViewCell.m; sourceTree = SOURCE_ROOT; };
		DC8E691C249AAB7600AA4A80 /* GSCXContinuousScannerListTabBarUtils.m */ = {isa = PBXFileReference; fileEncoding = 4; lastKnownFileType = sourcecode.c.objc; name = GSCXContinuousScannerListTabBarUtils.m; path = Sources/GSCXContinuousScannerListTabBarUtils.m; sourceTree = SOURCE_ROOT; };
		DC8E691D249AAB7600AA4A80 /* GSCXContinuousScannerGridViewController.m */ = {isa = PBXFileReference; fileEncoding = 4; lastKnownFileType = sourcecode.c.objc; name = GSCXContinuousScannerGridViewController.m; path = Sources/GSCXContinuousScannerGridViewController.m; sourceTree = SOURCE_ROOT; };
		DC8E691E249AAB7600AA4A80 /* GSCXScannerIssueExpandableTableViewDelegate.h */ = {isa = PBXFileReference; fileEncoding = 4; lastKnownFileType = sourcecode.c.h; name = GSCXScannerIssueExpandableTableViewDelegate.h; path = Sources/GSCXScannerIssueExpandableTableViewDelegate.h; sourceTree = SOURCE_ROOT; };
		DC8E691F249AAB7600AA4A80 /* GSCXScanResultsPageConstants.h */ = {isa = PBXFileReference; fileEncoding = 4; lastKnownFileType = sourcecode.c.h; name = GSCXScanResultsPageConstants.h; path = Sources/GSCXScanResultsPageConstants.h; sourceTree = SOURCE_ROOT; };
		DC8E6920249AAB7600AA4A80 /* GSCXScannerIssueTableViewSection.h */ = {isa = PBXFileReference; fileEncoding = 4; lastKnownFileType = sourcecode.c.h; name = GSCXScannerIssueTableViewSection.h; path = Sources/GSCXScannerIssueTableViewSection.h; sourceTree = SOURCE_ROOT; };
		DC8E6921249AAB7600AA4A80 /* UIView+NSLayoutConstraint.m */ = {isa = PBXFileReference; fileEncoding = 4; lastKnownFileType = sourcecode.c.objc; name = "UIView+NSLayoutConstraint.m"; path = "Sources/UIView+NSLayoutConstraint.m"; sourceTree = SOURCE_ROOT; };
		DC8E6922249AAB7600AA4A80 /* GSCXContinuousScannerGridCell.m */ = {isa = PBXFileReference; fileEncoding = 4; lastKnownFileType = sourcecode.c.objc; name = GSCXContinuousScannerGridCell.m; path = Sources/GSCXContinuousScannerGridCell.m; sourceTree = SOURCE_ROOT; };
		DC8E6923249AAB7600AA4A80 /* GSCXContinuousScannerScreenshotViewController.h */ = {isa = PBXFileReference; fileEncoding = 4; lastKnownFileType = sourcecode.c.h; name = GSCXContinuousScannerScreenshotViewController.h; path = Sources/GSCXContinuousScannerScreenshotViewController.h; sourceTree = SOURCE_ROOT; };
		DC8E6924249AAB7600AA4A80 /* GSCXContinuousScannerScreenshotViewController.m */ = {isa = PBXFileReference; fileEncoding = 4; lastKnownFileType = sourcecode.c.objc; name = GSCXContinuousScannerScreenshotViewController.m; path = Sources/GSCXContinuousScannerScreenshotViewController.m; sourceTree = SOURCE_ROOT; };
		DC8E6925249AAB7600AA4A80 /* GSCXScannerIssueTableViewSection.m */ = {isa = PBXFileReference; fileEncoding = 4; lastKnownFileType = sourcecode.c.objc; name = GSCXScannerIssueTableViewSection.m; path = Sources/GSCXScannerIssueTableViewSection.m; sourceTree = SOURCE_ROOT; };
		DC8E6926249AAB7600AA4A80 /* GSCXContinuousScannerListViewController.m */ = {isa = PBXFileReference; fileEncoding = 4; lastKnownFileType = sourcecode.c.objc; name = GSCXContinuousScannerListViewController.m; path = Sources/GSCXContinuousScannerListViewController.m; sourceTree = SOURCE_ROOT; };
		DC8E6927249AAB7600AA4A80 /* GSCXContinuousScannerListTabBarViewController.h */ = {isa = PBXFileReference; fileEncoding = 4; lastKnownFileType = sourcecode.c.h; name = GSCXContinuousScannerListTabBarViewController.h; path = Sources/GSCXContinuousScannerListTabBarViewController.h; sourceTree = SOURCE_ROOT; };
		DC8E6928249AAB7600AA4A80 /* GSCXScannerIssueExpandableTableViewDelegate.m */ = {isa = PBXFileReference; fileEncoding = 4; lastKnownFileType = sourcecode.c.objc; name = GSCXScannerIssueExpandableTableViewDelegate.m; path = Sources/GSCXScannerIssueExpandableTableViewDelegate.m; sourceTree = SOURCE_ROOT; };
		DC8E6929249AAB7600AA4A80 /* GSCXContinuousScannerGridViewController.h */ = {isa = PBXFileReference; fileEncoding = 4; lastKnownFileType = sourcecode.c.h; name = GSCXContinuousScannerGridViewController.h; path = Sources/GSCXContinuousScannerGridViewController.h; sourceTree = SOURCE_ROOT; };
		DC8E692A249AAB7600AA4A80 /* GSCXScannerIssueTableViewRow.h */ = {isa = PBXFileReference; fileEncoding = 4; lastKnownFileType = sourcecode.c.h; name = GSCXScannerIssueTableViewRow.h; path = Sources/GSCXScannerIssueTableViewRow.h; sourceTree = SOURCE_ROOT; };
		DC8E692B249AAB7600AA4A80 /* GSCXContinuousScannerListTabBarViewController.m */ = {isa = PBXFileReference; fileEncoding = 4; lastKnownFileType = sourcecode.c.objc; name = GSCXContinuousScannerListTabBarViewController.m; path = Sources/GSCXContinuousScannerListTabBarViewController.m; sourceTree = SOURCE_ROOT; };
		DC8E692C249AAB7700AA4A80 /* GSCXContinuousScannerGridViewController.xib */ = {isa = PBXFileReference; fileEncoding = 4; lastKnownFileType = file.xib; name = GSCXContinuousScannerGridViewController.xib; path = Sources/GSCXContinuousScannerGridViewController.xib; sourceTree = SOURCE_ROOT; };
		DC8E692D249AAB7700AA4A80 /* GSCXContinuousScannerListViewController.h */ = {isa = PBXFileReference; fileEncoding = 4; lastKnownFileType = sourcecode.c.h; name = GSCXContinuousScannerListViewController.h; path = Sources/GSCXContinuousScannerListViewController.h; sourceTree = SOURCE_ROOT; };
		DC8E692E249AAB7700AA4A80 /* GSCXContinuousScannerListViewController.xib */ = {isa = PBXFileReference; fileEncoding = 4; lastKnownFileType = file.xib; name = GSCXContinuousScannerListViewController.xib; path = Sources/GSCXContinuousScannerListViewController.xib; sourceTree = SOURCE_ROOT; };
		DC8E692F249AAB7700AA4A80 /* GSCXScannerIssueTableViewRow.m */ = {isa = PBXFileReference; fileEncoding = 4; lastKnownFileType = sourcecode.c.objc; name = GSCXScannerIssueTableViewRow.m; path = Sources/GSCXScannerIssueTableViewRow.m; sourceTree = SOURCE_ROOT; };
		DC8E6930249AAB7700AA4A80 /* GSCXContinuousScannerGridCell.h */ = {isa = PBXFileReference; fileEncoding = 4; lastKnownFileType = sourcecode.c.h; name = GSCXContinuousScannerGridCell.h; path = Sources/GSCXContinuousScannerGridCell.h; sourceTree = SOURCE_ROOT; };
		DC8E6931249AAB7700AA4A80 /* GSCXScanResultsPageConstants.m */ = {isa = PBXFileReference; fileEncoding = 4; lastKnownFileType = sourcecode.c.objc; name = GSCXScanResultsPageConstants.m; path = Sources/GSCXScanResultsPageConstants.m; sourceTree = SOURCE_ROOT; };
		DC8E6932249AAB7700AA4A80 /* GSCXScannerIssueExpandableTableViewHeader.h */ = {isa = PBXFileReference; fileEncoding = 4; lastKnownFileType = sourcecode.c.h; name = GSCXScannerIssueExpandableTableViewHeader.h; path = Sources/GSCXScannerIssueExpandableTableViewHeader.h; sourceTree = SOURCE_ROOT; };
		DC8E6933249AAB7700AA4A80 /* UIView+GSCXAppearance.h */ = {isa = PBXFileReference; fileEncoding = 4; lastKnownFileType = sourcecode.c.h; name = "UIView+GSCXAppearance.h"; path = "Sources/UIView+GSCXAppearance.h"; sourceTree = SOURCE_ROOT; };
		DC8E6934249AAB7700AA4A80 /* UIView+NSLayoutConstraint.h */ = {isa = PBXFileReference; fileEncoding = 4; lastKnownFileType = sourcecode.c.h; name = "UIView+NSLayoutConstraint.h"; path = "Sources/UIView+NSLayoutConstraint.h"; sourceTree = SOURCE_ROOT; };
		DC8E6935249AAB7700AA4A80 /* GSCXScannerIssueExpandableTableViewHeader.m */ = {isa = PBXFileReference; fileEncoding = 4; lastKnownFileType = sourcecode.c.objc; name = GSCXScannerIssueExpandableTableViewHeader.m; path = Sources/GSCXScannerIssueExpandableTableViewHeader.m; sourceTree = SOURCE_ROOT; };
		DC8E6936249AAB7700AA4A80 /* GSCXImageNames.m */ = {isa = PBXFileReference; fileEncoding = 4; lastKnownFileType = sourcecode.c.objc; name = GSCXImageNames.m; path = Sources/GSCXImageNames.m; sourceTree = SOURCE_ROOT; };
		DC8E6937249AAB7700AA4A80 /* GSCXImageNames.h */ = {isa = PBXFileReference; fileEncoding = 4; lastKnownFileType = sourcecode.c.h; name = GSCXImageNames.h; path = Sources/GSCXImageNames.h; sourceTree = SOURCE_ROOT; };
		DC8E6938249AAB7700AA4A80 /* GSCXContinuousScannerListTabBarItem.h */ = {isa = PBXFileReference; fileEncoding = 4; lastKnownFileType = sourcecode.c.h; name = GSCXContinuousScannerListTabBarItem.h; path = Sources/GSCXContinuousScannerListTabBarItem.h; sourceTree = SOURCE_ROOT; };
		DC8E6939249AAB7700AA4A80 /* GSCXContinuousScannerScreenshotViewController.xib */ = {isa = PBXFileReference; fileEncoding = 4; lastKnownFileType = file.xib; name = GSCXContinuousScannerScreenshotViewController.xib; path = Sources/GSCXContinuousScannerScreenshotViewController.xib; sourceTree = SOURCE_ROOT; };
		DC8E693A249AAB7800AA4A80 /* GSCXContinuousScannerListTabBarItem.m */ = {isa = PBXFileReference; fileEncoding = 4; lastKnownFileType = sourcecode.c.objc; name = GSCXContinuousScannerListTabBarItem.m; path = Sources/GSCXContinuousScannerListTabBarItem.m; sourceTree = SOURCE_ROOT; };
		DC8E693B249AAB7800AA4A80 /* UIView+GSCXAppearance.m */ = {isa = PBXFileReference; fileEncoding = 4; lastKnownFileType = sourcecode.c.objc; name = "UIView+GSCXAppearance.m"; path = "Sources/UIView+GSCXAppearance.m"; sourceTree = SOURCE_ROOT; };
		DC8E693C249AAB7800AA4A80 /* GSCXContinuousScannerListTabBarUtils.h */ = {isa = PBXFileReference; fileEncoding = 4; lastKnownFileType = sourcecode.c.h; name = GSCXContinuousScannerListTabBarUtils.h; path = Sources/GSCXContinuousScannerListTabBarUtils.h; sourceTree = SOURCE_ROOT; };
		DCA4208123FF381500C8D9F3 /* GSCXInstallerOptions.m */ = {isa = PBXFileReference; fileEncoding = 4; lastKnownFileType = sourcecode.c.objc; name = GSCXInstallerOptions.m; path = Sources/GSCXInstallerOptions.m; sourceTree = SOURCE_ROOT; };
		DCA4208523FF381500C8D9F3 /* GSCXContinuousScannerGalleryViewController.m */ = {isa = PBXFileReference; fileEncoding = 4; lastKnownFileType = sourcecode.c.objc; name = GSCXContinuousScannerGalleryViewController.m; path = Sources/GSCXContinuousScannerGalleryViewController.m; sourceTree = SOURCE_ROOT; };
		DCA4208623FF381500C8D9F3 /* GSCXScannerSettingsViewController.xib */ = {isa = PBXFileReference; fileEncoding = 4; lastKnownFileType = file.xib; name = GSCXScannerSettingsViewController.xib; path = Sources/GSCXScannerSettingsViewController.xib; sourceTree = SOURCE_ROOT; };
		DCA4208723FF381500C8D9F3 /* GSCXDefaultSharingDelegate.h */ = {isa = PBXFileReference; fileEncoding = 4; lastKnownFileType = sourcecode.c.h; name = GSCXDefaultSharingDelegate.h; path = Sources/GSCXDefaultSharingDelegate.h; sourceTree = SOURCE_ROOT; };
		DCA4208823FF381600C8D9F3 /* UIApplication+GSCXSwizzling.m */ = {isa = PBXFileReference; fileEncoding = 4; lastKnownFileType = sourcecode.c.objc; name = "UIApplication+GSCXSwizzling.m"; path = "Sources/UIApplication+GSCXSwizzling.m"; sourceTree = SOURCE_ROOT; };
		DCA4208923FF381600C8D9F3 /* GSCXResultsWindowCoordinating.h */ = {isa = PBXFileReference; fileEncoding = 4; lastKnownFileType = sourcecode.c.h; name = GSCXResultsWindowCoordinating.h; path = Sources/GSCXResultsWindowCoordinating.h; sourceTree = SOURCE_ROOT; };
		DCA4208A23FF381600C8D9F3 /* GSCXScannerOverlayWindow.h */ = {isa = PBXFileReference; fileEncoding = 4; lastKnownFileType = sourcecode.c.h; name = GSCXScannerOverlayWindow.h; path = Sources/GSCXScannerOverlayWindow.h; sourceTree = SOURCE_ROOT; };
		DCA4208B23FF381700C8D9F3 /* GSCXContinuousScannerResultViewController.h */ = {isa = PBXFileReference; fileEncoding = 4; lastKnownFileType = sourcecode.c.h; name = GSCXContinuousScannerResultViewController.h; path = Sources/GSCXContinuousScannerResultViewController.h; sourceTree = SOURCE_ROOT; };
		DCA4208C23FF381700C8D9F3 /* GSCXScannerSettingsViewController.h */ = {isa = PBXFileReference; fileEncoding = 4; lastKnownFileType = sourcecode.c.h; name = GSCXScannerSettingsViewController.h; path = Sources/GSCXScannerSettingsViewController.h; sourceTree = SOURCE_ROOT; };
		DCA4208D23FF381700C8D9F3 /* GSCXScannerSettingsItem.h */ = {isa = PBXFileReference; fileEncoding = 4; lastKnownFileType = sourcecode.c.h; name = GSCXScannerSettingsItem.h; path = Sources/GSCXScannerSettingsItem.h; sourceTree = SOURCE_ROOT; };
		DCA4208E23FF381700C8D9F3 /* GSCXScannerSettingsTableViewCell.h */ = {isa = PBXFileReference; fileEncoding = 4; lastKnownFileType = sourcecode.c.h; name = GSCXScannerSettingsTableViewCell.h; path = Sources/GSCXScannerSettingsTableViewCell.h; sourceTree = SOURCE_ROOT; };
		DCA4208F23FF381700C8D9F3 /* GSCXContinuousScanner.m */ = {isa = PBXFileReference; fileEncoding = 4; lastKnownFileType = sourcecode.c.objc; name = GSCXContinuousScanner.m; path = Sources/GSCXContinuousScanner.m; sourceTree = SOURCE_ROOT; };
		DCA4209023FF381800C8D9F3 /* GSCXContinuousScannerResultViewController.m */ = {isa = PBXFileReference; fileEncoding = 4; lastKnownFileType = sourcecode.c.objc; name = GSCXContinuousScannerResultViewController.m; path = Sources/GSCXContinuousScannerResultViewController.m; sourceTree = SOURCE_ROOT; };
		DCA4209123FF381800C8D9F3 /* GSCXScannerWindowCoordinator+Internal.h */ = {isa = PBXFileReference; fileEncoding = 4; lastKnownFileType = sourcecode.c.h; name = "GSCXScannerWindowCoordinator+Internal.h"; path = "Sources/GSCXScannerWindowCoordinator+Internal.h"; sourceTree = SOURCE_ROOT; };
		DCA4209223FF381800C8D9F3 /* GSCXScannerSettingsBlockItem.h */ = {isa = PBXFileReference; fileEncoding = 4; lastKnownFileType = sourcecode.c.h; name = GSCXScannerSettingsBlockItem.h; path = Sources/GSCXScannerSettingsBlockItem.h; sourceTree = SOURCE_ROOT; };
		DCA4209323FF381900C8D9F3 /* GSCXSwizzledMethodNotifier.m */ = {isa = PBXFileReference; fileEncoding = 4; lastKnownFileType = sourcecode.c.objc; name = GSCXSwizzledMethodNotifier.m; path = Sources/GSCXSwizzledMethodNotifier.m; sourceTree = SOURCE_ROOT; };
		DCA4209423FF381900C8D9F3 /* GSCXContinuousScannerPeriodicScheduler.h */ = {isa = PBXFileReference; fileEncoding = 4; lastKnownFileType = sourcecode.c.h; name = GSCXContinuousScannerPeriodicScheduler.h; path = Sources/GSCXContinuousScannerPeriodicScheduler.h; sourceTree = SOURCE_ROOT; };
		DCA4209523FF381900C8D9F3 /* GSCXSwizzledMethodNotifier.h */ = {isa = PBXFileReference; fileEncoding = 4; lastKnownFileType = sourcecode.c.h; name = GSCXSwizzledMethodNotifier.h; path = Sources/GSCXSwizzledMethodNotifier.h; sourceTree = SOURCE_ROOT; };
		DCA4209623FF381A00C8D9F3 /* GSCXContinuousScannerGalleryViewController.h */ = {isa = PBXFileReference; fileEncoding = 4; lastKnownFileType = sourcecode.c.h; name = GSCXContinuousScannerGalleryViewController.h; path = Sources/GSCXContinuousScannerGalleryViewController.h; sourceTree = SOURCE_ROOT; };
		DCA4209723FF381A00C8D9F3 /* GSCXScannerResultCarousel.m */ = {isa = PBXFileReference; fileEncoding = 4; lastKnownFileType = sourcecode.c.objc; name = GSCXScannerResultCarousel.m; path = Sources/GSCXScannerResultCarousel.m; sourceTree = SOURCE_ROOT; };
		DCA4209823FF381A00C8D9F3 /* GSCXScannerResultCarouselCollectionViewCell.m */ = {isa = PBXFileReference; fileEncoding = 4; lastKnownFileType = sourcecode.c.objc; name = GSCXScannerResultCarouselCollectionViewCell.m; path = Sources/GSCXScannerResultCarouselCollectionViewCell.m; sourceTree = SOURCE_ROOT; };
		DCA4209923FF381B00C8D9F3 /* GSCXScannerWindowCoordinator.h */ = {isa = PBXFileReference; fileEncoding = 4; lastKnownFileType = sourcecode.c.h; name = GSCXScannerWindowCoordinator.h; path = Sources/GSCXScannerWindowCoordinator.h; sourceTree = SOURCE_ROOT; };
		DCA4209A23FF381B00C8D9F3 /* GSCXScannerSettingsViewController.m */ = {isa = PBXFileReference; fileEncoding = 4; lastKnownFileType = sourcecode.c.objc; name = GSCXScannerSettingsViewController.m; path = Sources/GSCXScannerSettingsViewController.m; sourceTree = SOURCE_ROOT; };
		DCA4209B23FF381B00C8D9F3 /* GSCXUtils.h */ = {isa = PBXFileReference; fileEncoding = 4; lastKnownFileType = sourcecode.c.h; name = GSCXUtils.h; path = Sources/GSCXUtils.h; sourceTree = SOURCE_ROOT; };
		DCA4209C23FF381C00C8D9F3 /* GSCXInstallerOptions.h */ = {isa = PBXFileReference; fileEncoding = 4; lastKnownFileType = sourcecode.c.h; name = GSCXInstallerOptions.h; path = Sources/GSCXInstallerOptions.h; sourceTree = SOURCE_ROOT; };
		DCA4209D23FF381C00C8D9F3 /* UIApplication+GSCXSwizzling.h */ = {isa = PBXFileReference; fileEncoding = 4; lastKnownFileType = sourcecode.c.h; name = "UIApplication+GSCXSwizzling.h"; path = "Sources/UIApplication+GSCXSwizzling.h"; sourceTree = SOURCE_ROOT; };
		DCA4209E23FF381C00C8D9F3 /* GSCXScannerResultCarouselView.h */ = {isa = PBXFileReference; fileEncoding = 4; lastKnownFileType = sourcecode.c.h; name = GSCXScannerResultCarouselView.h; path = Sources/GSCXScannerResultCarouselView.h; sourceTree = SOURCE_ROOT; };
		DCA4209F23FF381C00C8D9F3 /* GSCXAppActivityMonitor.h */ = {isa = PBXFileReference; fileEncoding = 4; lastKnownFileType = sourcecode.c.h; name = GSCXAppActivityMonitor.h; path = Sources/GSCXAppActivityMonitor.h; sourceTree = SOURCE_ROOT; };
		DCA420A023FF381D00C8D9F3 /* UIViewController+GSCXAppearance.m */ = {isa = PBXFileReference; fileEncoding = 4; lastKnownFileType = sourcecode.c.objc; name = "UIViewController+GSCXAppearance.m"; path = "Sources/UIViewController+GSCXAppearance.m"; sourceTree = SOURCE_ROOT; };
		DCA420A123FF381D00C8D9F3 /* GSCXMasterScheduler.h */ = {isa = PBXFileReference; fileEncoding = 4; lastKnownFileType = sourcecode.c.h; name = GSCXMasterScheduler.h; path = Sources/GSCXMasterScheduler.h; sourceTree = SOURCE_ROOT; };
		DCA420A223FF381D00C8D9F3 /* GSCXContinuousScannerPeriodicScheduler.m */ = {isa = PBXFileReference; fileEncoding = 4; lastKnownFileType = sourcecode.c.objc; name = GSCXContinuousScannerPeriodicScheduler.m; path = Sources/GSCXContinuousScannerPeriodicScheduler.m; sourceTree = SOURCE_ROOT; };
		DCA420A323FF381E00C8D9F3 /* NSLayoutConstraint+GSCXUtilities.h */ = {isa = PBXFileReference; fileEncoding = 4; lastKnownFileType = sourcecode.c.h; name = "NSLayoutConstraint+GSCXUtilities.h"; path = "Sources/NSLayoutConstraint+GSCXUtilities.h"; sourceTree = SOURCE_ROOT; };
		DCA420A423FF381E00C8D9F3 /* GSCXRingViewArranger.h */ = {isa = PBXFileReference; fileEncoding = 4; lastKnownFileType = sourcecode.c.h; name = GSCXRingViewArranger.h; path = Sources/GSCXRingViewArranger.h; sourceTree = SOURCE_ROOT; };
		DCA420A523FF381E00C8D9F3 /* GSCXAppActivityMonitor.m */ = {isa = PBXFileReference; fileEncoding = 4; lastKnownFileType = sourcecode.c.objc; name = GSCXAppActivityMonitor.m; path = Sources/GSCXAppActivityMonitor.m; sourceTree = SOURCE_ROOT; };
		DCA420A623FF381E00C8D9F3 /* GSCXDefaultSharingDelegate.m */ = {isa = PBXFileReference; fileEncoding = 4; lastKnownFileType = sourcecode.c.objc; name = GSCXDefaultSharingDelegate.m; path = Sources/GSCXDefaultSharingDelegate.m; sourceTree = SOURCE_ROOT; };
		DCA420A723FF381F00C8D9F3 /* GSCXMasterScheduler.m */ = {isa = PBXFileReference; fileEncoding = 4; lastKnownFileType = sourcecode.c.objc; name = GSCXMasterScheduler.m; path = Sources/GSCXMasterScheduler.m; sourceTree = SOURCE_ROOT; };
		DCA420A823FF381F00C8D9F3 /* GSCXContinuousScannerScheduling.h */ = {isa = PBXFileReference; fileEncoding = 4; lastKnownFileType = sourcecode.c.h; name = GSCXContinuousScannerScheduling.h; path = Sources/GSCXContinuousScannerScheduling.h; sourceTree = SOURCE_ROOT; };
		DCA420A923FF382000C8D9F3 /* GSCXTouchActivitySource.h */ = {isa = PBXFileReference; fileEncoding = 4; lastKnownFileType = sourcecode.c.h; name = GSCXTouchActivitySource.h; path = Sources/GSCXTouchActivitySource.h; sourceTree = SOURCE_ROOT; };
		DCA420AA23FF382000C8D9F3 /* GSCXScannerSettingsTableViewCell.m */ = {isa = PBXFileReference; fileEncoding = 4; lastKnownFileType = sourcecode.c.objc; name = GSCXScannerSettingsTableViewCell.m; path = Sources/GSCXScannerSettingsTableViewCell.m; sourceTree = SOURCE_ROOT; };
		DCA420AB23FF382000C8D9F3 /* GSCXContinuousScannerGalleryDetailViewData.m */ = {isa = PBXFileReference; fileEncoding = 4; lastKnownFileType = sourcecode.c.objc; name = GSCXContinuousScannerGalleryDetailViewData.m; path = Sources/GSCXContinuousScannerGalleryDetailViewData.m; sourceTree = SOURCE_ROOT; };
		DCA420AC23FF382100C8D9F3 /* GSCXUtils.m */ = {isa = PBXFileReference; fileEncoding = 4; lastKnownFileType = sourcecode.c.objc; name = GSCXUtils.m; path = Sources/GSCXUtils.m; sourceTree = SOURCE_ROOT; };
		DCA420AD23FF382100C8D9F3 /* GSCXScannerWindowCoordinator.m */ = {isa = PBXFileReference; fileEncoding = 4; lastKnownFileType = sourcecode.c.objc; name = GSCXScannerWindowCoordinator.m; path = Sources/GSCXScannerWindowCoordinator.m; sourceTree = SOURCE_ROOT; };
		DCA420AE23FF382100C8D9F3 /* GSCXScannerOverlayWindow.m */ = {isa = PBXFileReference; fileEncoding = 4; lastKnownFileType = sourcecode.c.objc; name = GSCXScannerOverlayWindow.m; path = Sources/GSCXScannerOverlayWindow.m; sourceTree = SOURCE_ROOT; };
		DCA420AF23FF382100C8D9F3 /* GSCXScannerResultCarouselView.m */ = {isa = PBXFileReference; fileEncoding = 4; lastKnownFileType = sourcecode.c.objc; name = GSCXScannerResultCarouselView.m; path = Sources/GSCXScannerResultCarouselView.m; sourceTree = SOURCE_ROOT; };
		DCA420B023FF382200C8D9F3 /* GSCXTouchActivitySource.m */ = {isa = PBXFileReference; fileEncoding = 4; lastKnownFileType = sourcecode.c.objc; name = GSCXTouchActivitySource.m; path = Sources/GSCXTouchActivitySource.m; sourceTree = SOURCE_ROOT; };
		DCA420B123FF382200C8D9F3 /* GSCXRingViewArranger.m */ = {isa = PBXFileReference; fileEncoding = 4; lastKnownFileType = sourcecode.c.objc; name = GSCXRingViewArranger.m; path = Sources/GSCXRingViewArranger.m; sourceTree = SOURCE_ROOT; };
		DCA420B223FF382200C8D9F3 /* GSCXScannerResultCarouselCollectionViewCell.h */ = {isa = PBXFileReference; fileEncoding = 4; lastKnownFileType = sourcecode.c.h; name = GSCXScannerResultCarouselCollectionViewCell.h; path = Sources/GSCXScannerResultCarouselCollectionViewCell.h; sourceTree = SOURCE_ROOT; };
		DCA420B323FF382300C8D9F3 /* GSCXScannerSettingsItemConfiguring.h */ = {isa = PBXFileReference; fileEncoding = 4; lastKnownFileType = sourcecode.c.h; name = GSCXScannerSettingsItemConfiguring.h; path = Sources/GSCXScannerSettingsItemConfiguring.h; sourceTree = SOURCE_ROOT; };
		DCA420B423FF382300C8D9F3 /* GSCXScannerSettingsBlockItem.m */ = {isa = PBXFileReference; fileEncoding = 4; lastKnownFileType = sourcecode.c.objc; name = GSCXScannerSettingsBlockItem.m; path = Sources/GSCXScannerSettingsBlockItem.m; sourceTree = SOURCE_ROOT; };
		DCA420B523FF382300C8D9F3 /* GSCXSharingDelegate.h */ = {isa = PBXFileReference; fileEncoding = 4; lastKnownFileType = sourcecode.c.h; name = GSCXSharingDelegate.h; path = Sources/GSCXSharingDelegate.h; sourceTree = SOURCE_ROOT; };
		DCA420B623FF382400C8D9F3 /* GSCXContinuousScanner.h */ = {isa = PBXFileReference; fileEncoding = 4; lastKnownFileType = sourcecode.c.h; name = GSCXContinuousScanner.h; path = Sources/GSCXContinuousScanner.h; sourceTree = SOURCE_ROOT; };
		DCA420B723FF382400C8D9F3 /* NSLayoutConstraint+GSCXUtilities.m */ = {isa = PBXFileReference; fileEncoding = 4; lastKnownFileType = sourcecode.c.objc; name = "NSLayoutConstraint+GSCXUtilities.m"; path = "Sources/NSLayoutConstraint+GSCXUtilities.m"; sourceTree = SOURCE_ROOT; };
		DCA420B823FF382400C8D9F3 /* GSCXActivitySourceMonitoring.h */ = {isa = PBXFileReference; fileEncoding = 4; lastKnownFileType = sourcecode.c.h; name = GSCXActivitySourceMonitoring.h; path = Sources/GSCXActivitySourceMonitoring.h; sourceTree = SOURCE_ROOT; };
		DCA420B923FF382500C8D9F3 /* GSCXContinuousScannerResultViewController.xib */ = {isa = PBXFileReference; fileEncoding = 4; lastKnownFileType = file.xib; name = GSCXContinuousScannerResultViewController.xib; path = Sources/GSCXContinuousScannerResultViewController.xib; sourceTree = SOURCE_ROOT; };
		DCA420BA23FF382500C8D9F3 /* UIViewController+GSCXAppearance.h */ = {isa = PBXFileReference; fileEncoding = 4; lastKnownFileType = sourcecode.c.h; name = "UIViewController+GSCXAppearance.h"; path = "Sources/UIViewController+GSCXAppearance.h"; sourceTree = SOURCE_ROOT; };
		DCA420BB23FF382500C8D9F3 /* GSCXContinuousScannerGalleryViewController.xib */ = {isa = PBXFileReference; fileEncoding = 4; lastKnownFileType = file.xib; name = GSCXContinuousScannerGalleryViewController.xib; path = Sources/GSCXContinuousScannerGalleryViewController.xib; sourceTree = SOURCE_ROOT; };
		DCA420BC23FF382500C8D9F3 /* GSCXContinuousScannerDelegate.h */ = {isa = PBXFileReference; fileEncoding = 4; lastKnownFileType = sourcecode.c.h; name = GSCXContinuousScannerDelegate.h; path = Sources/GSCXContinuousScannerDelegate.h; sourceTree = SOURCE_ROOT; };
		DCA420BD23FF382600C8D9F3 /* GSCXScannerSettingsItem.m */ = {isa = PBXFileReference; fileEncoding = 4; lastKnownFileType = sourcecode.c.objc; name = GSCXScannerSettingsItem.m; path = Sources/GSCXScannerSettingsItem.m; sourceTree = SOURCE_ROOT; };
		DCA420BE23FF382600C8D9F3 /* GSCXScannerResultCarousel.h */ = {isa = PBXFileReference; fileEncoding = 4; lastKnownFileType = sourcecode.c.h; name = GSCXScannerResultCarousel.h; path = Sources/GSCXScannerResultCarousel.h; sourceTree = SOURCE_ROOT; };
		DCA420BF23FF382600C8D9F3 /* GSCXContinuousScannerGalleryDetailViewData.h */ = {isa = PBXFileReference; fileEncoding = 4; lastKnownFileType = sourcecode.c.h; name = GSCXContinuousScannerGalleryDetailViewData.h; path = Sources/GSCXContinuousScannerGalleryDetailViewData.h; sourceTree = SOURCE_ROOT; };
		DCA420C023FF382700C8D9F3 /* GSCXInstallerOptions+Internal.h */ = {isa = PBXFileReference; fileEncoding = 4; lastKnownFileType = sourcecode.c.h; name = "GSCXInstallerOptions+Internal.h"; path = "Sources/GSCXInstallerOptions+Internal.h"; sourceTree = SOURCE_ROOT; };
/* End PBXFileReference section */

/* Begin PBXFrameworksBuildPhase section */
		616525A82208F0EE00CBC788 /* Frameworks */ = {
			isa = PBXFrameworksBuildPhase;
			buildActionMask = 2147483647;
			files = (
			);
			runOnlyForDeploymentPostprocessing = 0;
		};
/* End PBXFrameworksBuildPhase section */

/* Begin PBXGroup section */
		616525A12208F0EE00CBC788 = {
			isa = PBXGroup;
			children = (
				DC63B4372499A14B004084AE /* Assets.xcassets */,
				616526022208F14C00CBC788 /* GTXiLib.xcodeproj */,
				616525AD2208F0EE00CBC788 /* GSCXScanner */,
				616525AC2208F0EE00CBC788 /* Products */,
			);
			sourceTree = "<group>";
		};
		616525AC2208F0EE00CBC788 /* Products */ = {
			isa = PBXGroup;
			children = (
				616525AB2208F0EE00CBC788 /* GSCXScanner.framework */,
			);
			name = Products;
			sourceTree = "<group>";
		};
		616525AD2208F0EE00CBC788 /* GSCXScanner */ = {
			isa = PBXGroup;
			children = (
				DCA420B823FF382400C8D9F3 /* GSCXActivitySourceMonitoring.h */,
				DC3551A624AC327C003398A4 /* GSCXAdjustableAccessibilityElement.h */,
				DC3551A724AC327C003398A4 /* GSCXAdjustableAccessibilityElement.m */,
				610B2F9122D508310005CE68 /* GSCXAnalytics.h */,
				610B2F9422D508320005CE68 /* GSCXAnalytics.m */,
				DCA4209F23FF381C00C8D9F3 /* GSCXAppActivityMonitor.h */,
				DCA420A523FF381E00C8D9F3 /* GSCXAppActivityMonitor.m */,
				616525CE2208F12D00CBC788 /* GSCXAutoInstaller.h */,
				616525BD2208F12C00CBC788 /* GSCXAutoInstaller.m */,
				DC3551A524AC327C003398A4 /* GSCXColoredView.h */,
				DC3551A424AC327C003398A4 /* GSCXColoredView.m */,
				DCA420B623FF382400C8D9F3 /* GSCXContinuousScanner.h */,
				DCA4208F23FF381700C8D9F3 /* GSCXContinuousScanner.m */,
				DCA420BC23FF382500C8D9F3 /* GSCXContinuousScannerDelegate.h */,
				DCA420BF23FF382600C8D9F3 /* GSCXContinuousScannerGalleryDetailViewData.h */,
				DCA420AB23FF382000C8D9F3 /* GSCXContinuousScannerGalleryDetailViewData.m */,
				DCA4209623FF381A00C8D9F3 /* GSCXContinuousScannerGalleryViewController.h */,
				DCA4208523FF381500C8D9F3 /* GSCXContinuousScannerGalleryViewController.m */,
				DCA420BB23FF382500C8D9F3 /* GSCXContinuousScannerGalleryViewController.xib */,
				DC8E6930249AAB7700AA4A80 /* GSCXContinuousScannerGridCell.h */,
				DC8E6922249AAB7600AA4A80 /* GSCXContinuousScannerGridCell.m */,
				DC8E6929249AAB7600AA4A80 /* GSCXContinuousScannerGridViewController.h */,
				DC8E691D249AAB7600AA4A80 /* GSCXContinuousScannerGridViewController.m */,
				DC8E692C249AAB7700AA4A80 /* GSCXContinuousScannerGridViewController.xib */,
				DC8E6938249AAB7700AA4A80 /* GSCXContinuousScannerListTabBarItem.h */,
				DC8E693A249AAB7800AA4A80 /* GSCXContinuousScannerListTabBarItem.m */,
				DC8E693C249AAB7800AA4A80 /* GSCXContinuousScannerListTabBarUtils.h */,
				DC8E691C249AAB7600AA4A80 /* GSCXContinuousScannerListTabBarUtils.m */,
				DC8E6927249AAB7600AA4A80 /* GSCXContinuousScannerListTabBarViewController.h */,
				DC8E692B249AAB7600AA4A80 /* GSCXContinuousScannerListTabBarViewController.m */,
				DC8E692D249AAB7700AA4A80 /* GSCXContinuousScannerListViewController.h */,
				DC8E6926249AAB7600AA4A80 /* GSCXContinuousScannerListViewController.m */,
				DC8E692E249AAB7700AA4A80 /* GSCXContinuousScannerListViewController.xib */,
				DCA4209423FF381900C8D9F3 /* GSCXContinuousScannerPeriodicScheduler.h */,
				DCA420A223FF381D00C8D9F3 /* GSCXContinuousScannerPeriodicScheduler.m */,
				DCA4208B23FF381700C8D9F3 /* GSCXContinuousScannerResultViewController.h */,
				DCA4209023FF381800C8D9F3 /* GSCXContinuousScannerResultViewController.m */,
				DCA420B923FF382500C8D9F3 /* GSCXContinuousScannerResultViewController.xib */,
				DCA420A823FF381F00C8D9F3 /* GSCXContinuousScannerScheduling.h */,
				DC8E6923249AAB7600AA4A80 /* GSCXContinuousScannerScreenshotViewController.h */,
				DC8E6924249AAB7600AA4A80 /* GSCXContinuousScannerScreenshotViewController.m */,
				DC8E6939249AAB7700AA4A80 /* GSCXContinuousScannerScreenshotViewController.xib */,
				DCA4208723FF381500C8D9F3 /* GSCXDefaultSharingDelegate.h */,
				DCA420A623FF381E00C8D9F3 /* GSCXDefaultSharingDelegate.m */,
				DC8E6937249AAB7700AA4A80 /* GSCXImageNames.h */,
				DC8E6936249AAB7700AA4A80 /* GSCXImageNames.m */,
				616525C22208F12C00CBC788 /* GSCXInstaller.h */,
				616525D12208F12D00CBC788 /* GSCXInstaller.m */,
				DCA420C023FF382700C8D9F3 /* GSCXInstallerOptions+Internal.h */,
				DCA4209C23FF381C00C8D9F3 /* GSCXInstallerOptions.h */,
				DCA4208123FF381500C8D9F3 /* GSCXInstallerOptions.m */,
				DCA420A123FF381D00C8D9F3 /* GSCXMasterScheduler.h */,
				DCA420A723FF381F00C8D9F3 /* GSCXMasterScheduler.m */,
				DC43C75825D5FEE00095BD45 /* GSCXOverlayViewArranger.h */,
				DC43C75925D5FEE00095BD45 /* GSCXOverlayViewArranger.m */,
				610B2F8C22D508310005CE68 /* GSCXReport.h */,
				610B2F9322D508320005CE68 /* GSCXReport.m */,
				610B2F9022D508310005CE68 /* GSCXReportContext.h */,
				610B2F9222D508310005CE68 /* GSCXReportContext.m */,
				DCA4208923FF381600C8D9F3 /* GSCXResultsWindowCoordinating.h */,
				616525D62208F12D00CBC788 /* GSCXRingView.h */,
				616525D42208F12D00CBC788 /* GSCXRingView.m */,
				DCA420A423FF381E00C8D9F3 /* GSCXRingViewArranger.h */,
				DCA420B123FF382200C8D9F3 /* GSCXRingViewArranger.m */,
				DC8E691F249AAB7600AA4A80 /* GSCXScanResultsPageConstants.h */,
				DC8E6931249AAB7700AA4A80 /* GSCXScanResultsPageConstants.m */,
				616525BB2208F12C00CBC788 /* GSCXScanner.h */,
				616525BA2208F12C00CBC788 /* GSCXScanner.m */,
				616525D92208F12E00CBC788 /* GSCXScannerDelegate.h */,
				DC8E691A249AAB7500AA4A80 /* GSCXScannerIssueExpandableTableViewCell.h */,
				DC8E691B249AAB7500AA4A80 /* GSCXScannerIssueExpandableTableViewCell.m */,
				DC8E691E249AAB7600AA4A80 /* GSCXScannerIssueExpandableTableViewDelegate.h */,
				DC8E6928249AAB7600AA4A80 /* GSCXScannerIssueExpandableTableViewDelegate.m */,
				DC8E6932249AAB7700AA4A80 /* GSCXScannerIssueExpandableTableViewHeader.h */,
				DC8E6935249AAB7700AA4A80 /* GSCXScannerIssueExpandableTableViewHeader.m */,
				DC8E692A249AAB7600AA4A80 /* GSCXScannerIssueTableViewRow.h */,
				DC8E692F249AAB7700AA4A80 /* GSCXScannerIssueTableViewRow.m */,
				DC8E6920249AAB7600AA4A80 /* GSCXScannerIssueTableViewSection.h */,
				DC8E6925249AAB7600AA4A80 /* GSCXScannerIssueTableViewSection.m */,
				616525CD2208F12D00CBC788 /* GSCXScannerOverlayViewController.h */,
				616525C52208F12D00CBC788 /* GSCXScannerOverlayViewController.m */,
				616525C82208F12D00CBC788 /* GSCXScannerOverlayViewController.xib */,
				DCA4208A23FF381600C8D9F3 /* GSCXScannerOverlayWindow.h */,
				DCA420AE23FF382100C8D9F3 /* GSCXScannerOverlayWindow.m */,
				DCA420BE23FF382600C8D9F3 /* GSCXScannerResultCarousel.h */,
				DCA4209723FF381A00C8D9F3 /* GSCXScannerResultCarousel.m */,
				DCA420B223FF382200C8D9F3 /* GSCXScannerResultCarouselCollectionViewCell.h */,
				DCA4209823FF381A00C8D9F3 /* GSCXScannerResultCarouselCollectionViewCell.m */,
				DCA4209E23FF381C00C8D9F3 /* GSCXScannerResultCarouselView.h */,
				DCA420AF23FF382100C8D9F3 /* GSCXScannerResultCarouselView.m */,
				616525D22208F12D00CBC788 /* GSCXScannerScreenshotViewController.h */,
				616525C12208F12C00CBC788 /* GSCXScannerScreenshotViewController.m */,
				616525BE2208F12C00CBC788 /* GSCXScannerScreenshotViewController.xib */,
				DCA4209223FF381800C8D9F3 /* GSCXScannerSettingsBlockItem.h */,
				DCA420B423FF382300C8D9F3 /* GSCXScannerSettingsBlockItem.m */,
				DCA4208D23FF381700C8D9F3 /* GSCXScannerSettingsItem.h */,
				DCA420BD23FF382600C8D9F3 /* GSCXScannerSettingsItem.m */,
				DCA420B323FF382300C8D9F3 /* GSCXScannerSettingsItemConfiguring.h */,
				DCA4208E23FF381700C8D9F3 /* GSCXScannerSettingsTableViewCell.h */,
				DCA420AA23FF382000C8D9F3 /* GSCXScannerSettingsTableViewCell.m */,
				DCA4208C23FF381700C8D9F3 /* GSCXScannerSettingsViewController.h */,
				DCA4209A23FF381B00C8D9F3 /* GSCXScannerSettingsViewController.m */,
				DCA4208623FF381500C8D9F3 /* GSCXScannerSettingsViewController.xib */,
				DCA4209123FF381800C8D9F3 /* GSCXScannerWindowCoordinator+Internal.h */,
				DCA4209923FF381B00C8D9F3 /* GSCXScannerWindowCoordinator.h */,
				DCA420AD23FF382100C8D9F3 /* GSCXScannerWindowCoordinator.m */,
				DCA420B523FF382300C8D9F3 /* GSCXSharingDelegate.h */,
				DCA4209523FF381900C8D9F3 /* GSCXSwizzledMethodNotifier.h */,
				DCA4209323FF381900C8D9F3 /* GSCXSwizzledMethodNotifier.m */,
				DCA420A923FF382000C8D9F3 /* GSCXTouchActivitySource.h */,
				DCA420B023FF382200C8D9F3 /* GSCXTouchActivitySource.m */,
				DCA4209B23FF381B00C8D9F3 /* GSCXUtils.h */,
				DCA420AC23FF382100C8D9F3 /* GSCXUtils.m */,
				DC43C75625D5FEE00095BD45 /* GTXElementResultCollection+GSCXReport.h */,
				DC43C75525D5FEE00095BD45 /* GTXElementResultCollection+GSCXReport.m */,
				DC43C75425D5FEE00095BD45 /* GTXHierarchyResultCollection+GSCXReport.h */,
				DC43C75725D5FEE00095BD45 /* GTXHierarchyResultCollection+GSCXReport.m */,
				616525B62208F11E00CBC788 /* Info.plist */,
				DCA420A323FF381E00C8D9F3 /* NSLayoutConstraint+GSCXUtilities.h */,
				DCA420B723FF382400C8D9F3 /* NSLayoutConstraint+GSCXUtilities.m */,
				DCA4209D23FF381C00C8D9F3 /* UIApplication+GSCXSwizzling.h */,
				DCA4208823FF381600C8D9F3 /* UIApplication+GSCXSwizzling.m */,
				DC8E6933249AAB7700AA4A80 /* UIView+GSCXAppearance.h */,
				DC8E693B249AAB7800AA4A80 /* UIView+GSCXAppearance.m */,
				DC8E6934249AAB7700AA4A80 /* UIView+NSLayoutConstraint.h */,
				DC8E6921249AAB7600AA4A80 /* UIView+NSLayoutConstraint.m */,
				DCA420BA23FF382500C8D9F3 /* UIViewController+GSCXAppearance.h */,
				DCA420A023FF381D00C8D9F3 /* UIViewController+GSCXAppearance.m */,
			);
			path = GSCXScanner;
			sourceTree = "<group>";
		};
		616526032208F14C00CBC788 /* Products */ = {
			isa = PBXGroup;
			children = (
				6165260A2208F14C00CBC788 /* GTXiLib.framework */,
				6165260C2208F14C00CBC788 /* GTXiUnitTests.xctest */,
				6165260E2208F14C00CBC788 /* TestApp.app */,
				616526102208F14C00CBC788 /* FunctionalTests.xctest */,
				DC43C74F25D5FEA00095BD45 /* GTXOOPIntegrationTests.xctest */,
				DC43C75125D5FEA00095BD45 /* GTXOOPFunctionalTests.xctest */,
				DC43C75325D5FEA00095BD45 /* GTXOOPUnitTests.xctest */,
			);
			name = Products;
			sourceTree = "<group>";
		};
/* End PBXGroup section */

/* Begin PBXHeadersBuildPhase section */
		616525A62208F0EE00CBC788 /* Headers */ = {
			isa = PBXHeadersBuildPhase;
			buildActionMask = 2147483647;
			files = (
				616525FE2208F12E00CBC788 /* GSCXScannerDelegate.h in Headers */,
				DCA420D823FF382700C8D9F3 /* GSCXUtils.h in Headers */,
				DC8E6942249AAB7800AA4A80 /* GSCXScanResultsPageConstants.h in Headers */,
				DCA420EF23FF382700C8D9F3 /* GSCXScannerResultCarouselCollectionViewCell.h in Headers */,
				DCA420C723FF382700C8D9F3 /* GSCXScannerOverlayWindow.h in Headers */,
				DC8E695F249AAB7800AA4A80 /* GSCXContinuousScannerListTabBarUtils.h in Headers */,
				DCA420C923FF382700C8D9F3 /* GSCXScannerSettingsViewController.h in Headers */,
				616525F22208F12E00CBC788 /* GSCXScannerOverlayViewController.h in Headers */,
				DC8E695B249AAB7800AA4A80 /* GSCXContinuousScannerListTabBarItem.h in Headers */,
				DC8E6955249AAB7800AA4A80 /* GSCXScannerIssueExpandableTableViewHeader.h in Headers */,
				DC8E694A249AAB7800AA4A80 /* GSCXContinuousScannerListTabBarViewController.h in Headers */,
				DC8E695A249AAB7800AA4A80 /* GSCXImageNames.h in Headers */,
				DCA420D623FF382700C8D9F3 /* GSCXScannerWindowCoordinator.h in Headers */,
				DCA420F223FF382700C8D9F3 /* GSCXSharingDelegate.h in Headers */,
				DC8E693D249AAB7800AA4A80 /* GSCXScannerIssueExpandableTableViewCell.h in Headers */,
				DCA420D923FF382700C8D9F3 /* GSCXInstallerOptions.h in Headers */,
				616525E72208F12E00CBC788 /* GSCXInstaller.h in Headers */,
				DCA420DA23FF382700C8D9F3 /* UIApplication+GSCXSwizzling.h in Headers */,
				DCA420E523FF382700C8D9F3 /* GSCXContinuousScannerScheduling.h in Headers */,
				DC43C75E25D5FEE00095BD45 /* GSCXOverlayViewArranger.h in Headers */,
				DC43C75C25D5FEE00095BD45 /* GTXElementResultCollection+GSCXReport.h in Headers */,
				DCA420D323FF382700C8D9F3 /* GSCXContinuousScannerGalleryViewController.h in Headers */,
				DCA420E123FF382700C8D9F3 /* GSCXRingViewArranger.h in Headers */,
				610B2F9722D508320005CE68 /* GSCXAnalytics.h in Headers */,
				DCA420D223FF382700C8D9F3 /* GSCXSwizzledMethodNotifier.h in Headers */,
				DCA420F323FF382700C8D9F3 /* GSCXContinuousScanner.h in Headers */,
				DCA420E623FF382700C8D9F3 /* GSCXTouchActivitySource.h in Headers */,
				616525E02208F12E00CBC788 /* GSCXScanner.h in Headers */,
				616525F32208F12E00CBC788 /* GSCXAutoInstaller.h in Headers */,
				DC8E6941249AAB7800AA4A80 /* GSCXScannerIssueExpandableTableViewDelegate.h in Headers */,
				DC8E694C249AAB7800AA4A80 /* GSCXContinuousScannerGridViewController.h in Headers */,
				616525FB2208F12E00CBC788 /* GSCXRingView.h in Headers */,
				DCA420DE23FF382700C8D9F3 /* GSCXMasterScheduler.h in Headers */,
				DCA420F023FF382700C8D9F3 /* GSCXScannerSettingsItemConfiguring.h in Headers */,
				616525F72208F12E00CBC788 /* GSCXScannerScreenshotViewController.h in Headers */,
				DC8E6953249AAB7800AA4A80 /* GSCXContinuousScannerGridCell.h in Headers */,
				DCA420CE23FF382700C8D9F3 /* GSCXScannerWindowCoordinator+Internal.h in Headers */,
				DCA420E023FF382700C8D9F3 /* NSLayoutConstraint+GSCXUtilities.h in Headers */,
				DCA420DC23FF382700C8D9F3 /* GSCXAppActivityMonitor.h in Headers */,
				DCA420CB23FF382700C8D9F3 /* GSCXScannerSettingsTableViewCell.h in Headers */,
				DCA420F923FF382700C8D9F3 /* GSCXContinuousScannerDelegate.h in Headers */,
				DCA420D123FF382700C8D9F3 /* GSCXContinuousScannerPeriodicScheduler.h in Headers */,
				DC43C75A25D5FEE00095BD45 /* GTXHierarchyResultCollection+GSCXReport.h in Headers */,
				DCA420FC23FF382700C8D9F3 /* GSCXContinuousScannerGalleryDetailViewData.h in Headers */,
				DC8E6943249AAB7800AA4A80 /* GSCXScannerIssueTableViewSection.h in Headers */,
				610B2F9522D508320005CE68 /* GSCXReport.h in Headers */,
				DCA420F723FF382700C8D9F3 /* UIViewController+GSCXAppearance.h in Headers */,
				DCA420C623FF382700C8D9F3 /* GSCXResultsWindowCoordinating.h in Headers */,
				DC8E6946249AAB7800AA4A80 /* GSCXContinuousScannerScreenshotViewController.h in Headers */,
				DCA420C423FF382700C8D9F3 /* GSCXDefaultSharingDelegate.h in Headers */,
				DCA420C823FF382700C8D9F3 /* GSCXContinuousScannerResultViewController.h in Headers */,
				DCA420FD23FF382700C8D9F3 /* GSCXInstallerOptions+Internal.h in Headers */,
				DC8E6950249AAB7800AA4A80 /* GSCXContinuousScannerListViewController.h in Headers */,
				DC8E6957249AAB7800AA4A80 /* UIView+NSLayoutConstraint.h in Headers */,
				DC8E6956249AAB7800AA4A80 /* UIView+GSCXAppearance.h in Headers */,
				DC3551AA24AC327C003398A4 /* GSCXAdjustableAccessibilityElement.h in Headers */,
				DCA420CA23FF382700C8D9F3 /* GSCXScannerSettingsItem.h in Headers */,
				DCA420DB23FF382700C8D9F3 /* GSCXScannerResultCarouselView.h in Headers */,
				DCA420FB23FF382700C8D9F3 /* GSCXScannerResultCarousel.h in Headers */,
				DC3551A924AC327C003398A4 /* GSCXColoredView.h in Headers */,
				DCA420F523FF382700C8D9F3 /* GSCXActivitySourceMonitoring.h in Headers */,
				DCA420CF23FF382700C8D9F3 /* GSCXScannerSettingsBlockItem.h in Headers */,
				610B2F9622D508320005CE68 /* GSCXReportContext.h in Headers */,
				DC8E694D249AAB7800AA4A80 /* GSCXScannerIssueTableViewRow.h in Headers */,
			);
			runOnlyForDeploymentPostprocessing = 0;
		};
/* End PBXHeadersBuildPhase section */

/* Begin PBXNativeTarget section */
		616525AA2208F0EE00CBC788 /* GSCXScanner */ = {
			isa = PBXNativeTarget;
			buildConfigurationList = 616525B32208F0EE00CBC788 /* Build configuration list for PBXNativeTarget "GSCXScanner" */;
			buildPhases = (
				616525A62208F0EE00CBC788 /* Headers */,
				616525A72208F0EE00CBC788 /* Sources */,
				616525A82208F0EE00CBC788 /* Frameworks */,
				616525A92208F0EE00CBC788 /* Resources */,
			);
			buildRules = (
			);
			dependencies = (
				616526122208F15500CBC788 /* PBXTargetDependency */,
			);
			name = GSCXScanner;
			productName = GSCXScanner;
			productReference = 616525AB2208F0EE00CBC788 /* GSCXScanner.framework */;
			productType = "com.apple.product-type.framework";
		};
/* End PBXNativeTarget section */

/* Begin PBXProject section */
		616525A22208F0EE00CBC788 /* Project object */ = {
			isa = PBXProject;
			attributes = {
				LastUpgradeCheck = 1000;
				ORGANIZATIONNAME = Alphabet;
				TargetAttributes = {
					616525AA2208F0EE00CBC788 = {
						CreatedOnToolsVersion = 10.0;
					};
				};
			};
			buildConfigurationList = 616525A52208F0EE00CBC788 /* Build configuration list for PBXProject "GSCXScanner" */;
			compatibilityVersion = "Xcode 9.3";
			developmentRegion = en;
			hasScannedForEncodings = 0;
			knownRegions = (
				en,
			);
			mainGroup = 616525A12208F0EE00CBC788;
			productRefGroup = 616525AC2208F0EE00CBC788 /* Products */;
			projectDirPath = "";
			projectReferences = (
				{
					ProductGroup = 616526032208F14C00CBC788 /* Products */;
					ProjectRef = 616526022208F14C00CBC788 /* GTXiLib.xcodeproj */;
				},
			);
			projectRoot = "";
			targets = (
				616525AA2208F0EE00CBC788 /* GSCXScanner */,
			);
		};
/* End PBXProject section */

/* Begin PBXReferenceProxy section */
		6165260A2208F14C00CBC788 /* GTXiLib.framework */ = {
			isa = PBXReferenceProxy;
			fileType = wrapper.framework;
			path = GTXiLib.framework;
			remoteRef = 616526092208F14C00CBC788 /* PBXContainerItemProxy */;
			sourceTree = BUILT_PRODUCTS_DIR;
		};
		6165260C2208F14C00CBC788 /* GTXiUnitTests.xctest */ = {
			isa = PBXReferenceProxy;
			fileType = wrapper.cfbundle;
			path = GTXiUnitTests.xctest;
			remoteRef = 6165260B2208F14C00CBC788 /* PBXContainerItemProxy */;
			sourceTree = BUILT_PRODUCTS_DIR;
		};
		6165260E2208F14C00CBC788 /* TestApp.app */ = {
			isa = PBXReferenceProxy;
			fileType = wrapper.application;
			path = TestApp.app;
			remoteRef = 6165260D2208F14C00CBC788 /* PBXContainerItemProxy */;
			sourceTree = BUILT_PRODUCTS_DIR;
		};
		616526102208F14C00CBC788 /* FunctionalTests.xctest */ = {
			isa = PBXReferenceProxy;
			fileType = wrapper.cfbundle;
			path = FunctionalTests.xctest;
			remoteRef = 6165260F2208F14C00CBC788 /* PBXContainerItemProxy */;
			sourceTree = BUILT_PRODUCTS_DIR;
		};
		DC43C74F25D5FEA00095BD45 /* GTXOOPIntegrationTests.xctest */ = {
			isa = PBXReferenceProxy;
			fileType = wrapper.cfbundle;
			path = GTXOOPIntegrationTests.xctest;
			remoteRef = DC43C74E25D5FEA00095BD45 /* PBXContainerItemProxy */;
			sourceTree = BUILT_PRODUCTS_DIR;
		};
		DC43C75125D5FEA00095BD45 /* GTXOOPFunctionalTests.xctest */ = {
			isa = PBXReferenceProxy;
			fileType = wrapper.cfbundle;
			path = GTXOOPFunctionalTests.xctest;
			remoteRef = DC43C75025D5FEA00095BD45 /* PBXContainerItemProxy */;
			sourceTree = BUILT_PRODUCTS_DIR;
		};
		DC43C75325D5FEA00095BD45 /* GTXOOPUnitTests.xctest */ = {
			isa = PBXReferenceProxy;
			fileType = wrapper.cfbundle;
			path = GTXOOPUnitTests.xctest;
			remoteRef = DC43C75225D5FEA00095BD45 /* PBXContainerItemProxy */;
			sourceTree = BUILT_PRODUCTS_DIR;
		};
/* End PBXReferenceProxy section */

/* Begin PBXResourcesBuildPhase section */
		616525A92208F0EE00CBC788 /* Resources */ = {
			isa = PBXResourcesBuildPhase;
			buildActionMask = 2147483647;
			files = (
				DC8E695C249AAB7800AA4A80 /* GSCXContinuousScannerScreenshotViewController.xib in Resources */,
				DCA420F623FF382700C8D9F3 /* GSCXContinuousScannerResultViewController.xib in Resources */,
				DCA420F823FF382700C8D9F3 /* GSCXContinuousScannerGalleryViewController.xib in Resources */,
				616525ED2208F12E00CBC788 /* GSCXScannerOverlayViewController.xib in Resources */,
				DC8E694F249AAB7800AA4A80 /* GSCXContinuousScannerGridViewController.xib in Resources */,
				DCA420C323FF382700C8D9F3 /* GSCXScannerSettingsViewController.xib in Resources */,
				DC8E6951249AAB7800AA4A80 /* GSCXContinuousScannerListViewController.xib in Resources */,
				DC63B4382499A14B004084AE /* Assets.xcassets in Resources */,
				616525E32208F12E00CBC788 /* GSCXScannerScreenshotViewController.xib in Resources */,
			);
			runOnlyForDeploymentPostprocessing = 0;
		};
/* End PBXResourcesBuildPhase section */

/* Begin PBXSourcesBuildPhase section */
		616525A72208F0EE00CBC788 /* Sources */ = {
			isa = PBXSourcesBuildPhase;
			buildActionMask = 2147483647;
			files = (
				DCA420EA23FF382700C8D9F3 /* GSCXScannerWindowCoordinator.m in Sources */,
				DC8E693E249AAB7800AA4A80 /* GSCXScannerIssueExpandableTableViewCell.m in Sources */,
				DCA420F123FF382700C8D9F3 /* GSCXScannerSettingsBlockItem.m in Sources */,
				DCA420EB23FF382700C8D9F3 /* GSCXScannerOverlayWindow.m in Sources */,
				DC8E695E249AAB7800AA4A80 /* UIView+GSCXAppearance.m in Sources */,
				DCA420D523FF382700C8D9F3 /* GSCXScannerResultCarouselCollectionViewCell.m in Sources */,
				616525F62208F12E00CBC788 /* GSCXInstaller.m in Sources */,
				DCA420E223FF382700C8D9F3 /* GSCXAppActivityMonitor.m in Sources */,
				616525E62208F12E00CBC788 /* GSCXScannerScreenshotViewController.m in Sources */,
				DCA420CC23FF382700C8D9F3 /* GSCXContinuousScanner.m in Sources */,
				DC8E6948249AAB7800AA4A80 /* GSCXScannerIssueTableViewSection.m in Sources */,
				DC3551A824AC327C003398A4 /* GSCXColoredView.m in Sources */,
				DC8E6945249AAB7800AA4A80 /* GSCXContinuousScannerGridCell.m in Sources */,
				DC8E6949249AAB7800AA4A80 /* GSCXContinuousScannerListViewController.m in Sources */,
				DCA420C123FF382700C8D9F3 /* GSCXInstallerOptions.m in Sources */,
				DCA420FA23FF382700C8D9F3 /* GSCXScannerSettingsItem.m in Sources */,
				DC8E694B249AAB7800AA4A80 /* GSCXScannerIssueExpandableTableViewDelegate.m in Sources */,
				DC8E694E249AAB7800AA4A80 /* GSCXContinuousScannerListTabBarViewController.m in Sources */,
				610B2F9822D508320005CE68 /* GSCXReportContext.m in Sources */,
				DCA420F423FF382700C8D9F3 /* NSLayoutConstraint+GSCXUtilities.m in Sources */,
				DCA420DF23FF382700C8D9F3 /* GSCXContinuousScannerPeriodicScheduler.m in Sources */,
				DCA420E423FF382700C8D9F3 /* GSCXMasterScheduler.m in Sources */,
				DC8E6952249AAB7800AA4A80 /* GSCXScannerIssueTableViewRow.m in Sources */,
				DCA420D723FF382700C8D9F3 /* GSCXScannerSettingsViewController.m in Sources */,
				616525E22208F12E00CBC788 /* GSCXAutoInstaller.m in Sources */,
				DCA420E723FF382700C8D9F3 /* GSCXScannerSettingsTableViewCell.m in Sources */,
				DCA420C223FF382700C8D9F3 /* GSCXContinuousScannerGalleryViewController.m in Sources */,
				DC3551AB24AC327C003398A4 /* GSCXAdjustableAccessibilityElement.m in Sources */,
				DC8E6958249AAB7800AA4A80 /* GSCXScannerIssueExpandableTableViewHeader.m in Sources */,
				DCA420D023FF382700C8D9F3 /* GSCXSwizzledMethodNotifier.m in Sources */,
				DCA420EC23FF382700C8D9F3 /* GSCXScannerResultCarouselView.m in Sources */,
				610B2F9A22D508320005CE68 /* GSCXAnalytics.m in Sources */,
				DC8E6944249AAB7800AA4A80 /* UIView+NSLayoutConstraint.m in Sources */,
				DCA420ED23FF382700C8D9F3 /* GSCXTouchActivitySource.m in Sources */,
				DC8E6947249AAB7800AA4A80 /* GSCXContinuousScannerScreenshotViewController.m in Sources */,
				616525F92208F12E00CBC788 /* GSCXRingView.m in Sources */,
				DC8E693F249AAB7800AA4A80 /* GSCXContinuousScannerListTabBarUtils.m in Sources */,
				616525DF2208F12E00CBC788 /* GSCXScanner.m in Sources */,
				DCA420CD23FF382700C8D9F3 /* GSCXContinuousScannerResultViewController.m in Sources */,
				DC43C75D25D5FEE00095BD45 /* GTXHierarchyResultCollection+GSCXReport.m in Sources */,
				DCA420E823FF382700C8D9F3 /* GSCXContinuousScannerGalleryDetailViewData.m in Sources */,
				DC8E695D249AAB7800AA4A80 /* GSCXContinuousScannerListTabBarItem.m in Sources */,
				DCA420E323FF382700C8D9F3 /* GSCXDefaultSharingDelegate.m in Sources */,
				610B2F9922D508320005CE68 /* GSCXReport.m in Sources */,
				DC8E6954249AAB7800AA4A80 /* GSCXScanResultsPageConstants.m in Sources */,
				DCA420C523FF382700C8D9F3 /* UIApplication+GSCXSwizzling.m in Sources */,
				DC8E6940249AAB7800AA4A80 /* GSCXContinuousScannerGridViewController.m in Sources */,
				DCA420E923FF382700C8D9F3 /* GSCXUtils.m in Sources */,
				DC43C75B25D5FEE00095BD45 /* GTXElementResultCollection+GSCXReport.m in Sources */,
				DCA420EE23FF382700C8D9F3 /* GSCXRingViewArranger.m in Sources */,
				DCA420DD23FF382700C8D9F3 /* UIViewController+GSCXAppearance.m in Sources */,
				DC8E6959249AAB7800AA4A80 /* GSCXImageNames.m in Sources */,
				DCA420D423FF382700C8D9F3 /* GSCXScannerResultCarousel.m in Sources */,
				616525EA2208F12E00CBC788 /* GSCXScannerOverlayViewController.m in Sources */,
				DC43C75F25D5FEE00095BD45 /* GSCXOverlayViewArranger.m in Sources */,
			);
			runOnlyForDeploymentPostprocessing = 0;
		};
/* End PBXSourcesBuildPhase section */

/* Begin PBXTargetDependency section */
		616526122208F15500CBC788 /* PBXTargetDependency */ = {
			isa = PBXTargetDependency;
			name = GTXiLib;
			targetProxy = 616526112208F15500CBC788 /* PBXContainerItemProxy */;
		};
/* End PBXTargetDependency section */

/* Begin XCBuildConfiguration section */
		616525B12208F0EE00CBC788 /* Debug */ = {
			isa = XCBuildConfiguration;
			buildSettings = {
				ALWAYS_SEARCH_USER_PATHS = NO;
				CLANG_ANALYZER_NONNULL = YES;
				CLANG_ANALYZER_NUMBER_OBJECT_CONVERSION = YES_AGGRESSIVE;
				CLANG_CXX_LANGUAGE_STANDARD = "gnu++14";
				CLANG_CXX_LIBRARY = "libc++";
				CLANG_ENABLE_MODULES = YES;
				CLANG_ENABLE_OBJC_ARC = YES;
				CLANG_ENABLE_OBJC_WEAK = YES;
				CLANG_WARN_BLOCK_CAPTURE_AUTORELEASING = YES;
				CLANG_WARN_BOOL_CONVERSION = YES;
				CLANG_WARN_COMMA = YES;
				CLANG_WARN_CONSTANT_CONVERSION = YES;
				CLANG_WARN_DEPRECATED_OBJC_IMPLEMENTATIONS = YES;
				CLANG_WARN_DIRECT_OBJC_ISA_USAGE = YES_ERROR;
				CLANG_WARN_DOCUMENTATION_COMMENTS = YES;
				CLANG_WARN_EMPTY_BODY = YES;
				CLANG_WARN_ENUM_CONVERSION = YES;
				CLANG_WARN_INFINITE_RECURSION = YES;
				CLANG_WARN_INT_CONVERSION = YES;
				CLANG_WARN_NON_LITERAL_NULL_CONVERSION = YES;
				CLANG_WARN_OBJC_IMPLICIT_RETAIN_SELF = YES;
				CLANG_WARN_OBJC_LITERAL_CONVERSION = YES;
				CLANG_WARN_OBJC_ROOT_CLASS = YES_ERROR;
				CLANG_WARN_RANGE_LOOP_ANALYSIS = YES;
				CLANG_WARN_STRICT_PROTOTYPES = YES;
				CLANG_WARN_SUSPICIOUS_MOVE = YES;
				CLANG_WARN_UNGUARDED_AVAILABILITY = YES_AGGRESSIVE;
				CLANG_WARN_UNREACHABLE_CODE = YES;
				CLANG_WARN__DUPLICATE_METHOD_MATCH = YES;
				CODE_SIGN_IDENTITY = "iPhone Developer";
				COPY_PHASE_STRIP = NO;
				CURRENT_PROJECT_VERSION = 1;
				DEBUG_INFORMATION_FORMAT = dwarf;
				ENABLE_STRICT_OBJC_MSGSEND = YES;
				ENABLE_TESTABILITY = YES;
				GCC_C_LANGUAGE_STANDARD = gnu11;
				GCC_DYNAMIC_NO_PIC = NO;
				GCC_NO_COMMON_BLOCKS = YES;
				GCC_OPTIMIZATION_LEVEL = 0;
				GCC_PREPROCESSOR_DEFINITIONS = (
					"DEBUG=1",
					"$(inherited)",
				);
				GCC_WARN_64_TO_32_BIT_CONVERSION = YES;
				GCC_WARN_ABOUT_RETURN_TYPE = YES_ERROR;
				GCC_WARN_UNDECLARED_SELECTOR = YES;
				GCC_WARN_UNINITIALIZED_AUTOS = YES_AGGRESSIVE;
				GCC_WARN_UNUSED_FUNCTION = YES;
				GCC_WARN_UNUSED_VARIABLE = YES;
				IPHONEOS_DEPLOYMENT_TARGET = 12.0;
				MTL_ENABLE_DEBUG_INFO = INCLUDE_SOURCE;
				MTL_FAST_MATH = YES;
				ONLY_ACTIVE_ARCH = YES;
				SDKROOT = iphoneos;
				VERSIONING_SYSTEM = "apple-generic";
				VERSION_INFO_PREFIX = "";
			};
			name = Debug;
		};
		616525B22208F0EE00CBC788 /* Release */ = {
			isa = XCBuildConfiguration;
			buildSettings = {
				ALWAYS_SEARCH_USER_PATHS = NO;
				CLANG_ANALYZER_NONNULL = YES;
				CLANG_ANALYZER_NUMBER_OBJECT_CONVERSION = YES_AGGRESSIVE;
				CLANG_CXX_LANGUAGE_STANDARD = "gnu++14";
				CLANG_CXX_LIBRARY = "libc++";
				CLANG_ENABLE_MODULES = YES;
				CLANG_ENABLE_OBJC_ARC = YES;
				CLANG_ENABLE_OBJC_WEAK = YES;
				CLANG_WARN_BLOCK_CAPTURE_AUTORELEASING = YES;
				CLANG_WARN_BOOL_CONVERSION = YES;
				CLANG_WARN_COMMA = YES;
				CLANG_WARN_CONSTANT_CONVERSION = YES;
				CLANG_WARN_DEPRECATED_OBJC_IMPLEMENTATIONS = YES;
				CLANG_WARN_DIRECT_OBJC_ISA_USAGE = YES_ERROR;
				CLANG_WARN_DOCUMENTATION_COMMENTS = YES;
				CLANG_WARN_EMPTY_BODY = YES;
				CLANG_WARN_ENUM_CONVERSION = YES;
				CLANG_WARN_INFINITE_RECURSION = YES;
				CLANG_WARN_INT_CONVERSION = YES;
				CLANG_WARN_NON_LITERAL_NULL_CONVERSION = YES;
				CLANG_WARN_OBJC_IMPLICIT_RETAIN_SELF = YES;
				CLANG_WARN_OBJC_LITERAL_CONVERSION = YES;
				CLANG_WARN_OBJC_ROOT_CLASS = YES_ERROR;
				CLANG_WARN_RANGE_LOOP_ANALYSIS = YES;
				CLANG_WARN_STRICT_PROTOTYPES = YES;
				CLANG_WARN_SUSPICIOUS_MOVE = YES;
				CLANG_WARN_UNGUARDED_AVAILABILITY = YES_AGGRESSIVE;
				CLANG_WARN_UNREACHABLE_CODE = YES;
				CLANG_WARN__DUPLICATE_METHOD_MATCH = YES;
				CODE_SIGN_IDENTITY = "iPhone Developer";
				COPY_PHASE_STRIP = NO;
				CURRENT_PROJECT_VERSION = 1;
				DEBUG_INFORMATION_FORMAT = "dwarf-with-dsym";
				ENABLE_NS_ASSERTIONS = NO;
				ENABLE_STRICT_OBJC_MSGSEND = YES;
				GCC_C_LANGUAGE_STANDARD = gnu11;
				GCC_NO_COMMON_BLOCKS = YES;
				GCC_WARN_64_TO_32_BIT_CONVERSION = YES;
				GCC_WARN_ABOUT_RETURN_TYPE = YES_ERROR;
				GCC_WARN_UNDECLARED_SELECTOR = YES;
				GCC_WARN_UNINITIALIZED_AUTOS = YES_AGGRESSIVE;
				GCC_WARN_UNUSED_FUNCTION = YES;
				GCC_WARN_UNUSED_VARIABLE = YES;
				IPHONEOS_DEPLOYMENT_TARGET = 12.0;
				MTL_ENABLE_DEBUG_INFO = NO;
				MTL_FAST_MATH = YES;
				SDKROOT = iphoneos;
				VALIDATE_PRODUCT = YES;
				VERSIONING_SYSTEM = "apple-generic";
				VERSION_INFO_PREFIX = "";
			};
			name = Release;
		};
		616525B42208F0EE00CBC788 /* Debug */ = {
			isa = XCBuildConfiguration;
			buildSettings = {
				CODE_SIGN_IDENTITY = "";
				CODE_SIGN_STYLE = Automatic;
				DEFINES_MODULE = YES;
				DYLIB_COMPATIBILITY_VERSION = 1;
				DYLIB_CURRENT_VERSION = 1;
				DYLIB_INSTALL_NAME_BASE = "@rpath";
				INFOPLIST_FILE = "$(SRCROOT)/Info.plist";
				INSTALL_PATH = "$(LOCAL_LIBRARY_DIR)/Frameworks";
				LD_RUNPATH_SEARCH_PATHS = (
					"$(inherited)",
					"@executable_path/Frameworks",
					"@loader_path/Frameworks",
				);
				PRODUCT_BUNDLE_IDENTIFIER = com.google.test.GSCXScanner;
				PRODUCT_NAME = "$(TARGET_NAME:c99extidentifier)";
				SKIP_INSTALL = YES;
				TARGETED_DEVICE_FAMILY = "1,2";
			};
			name = Debug;
		};
		616525B52208F0EE00CBC788 /* Release */ = {
			isa = XCBuildConfiguration;
			buildSettings = {
				CODE_SIGN_IDENTITY = "";
				CODE_SIGN_STYLE = Automatic;
				DEFINES_MODULE = YES;
				DYLIB_COMPATIBILITY_VERSION = 1;
				DYLIB_CURRENT_VERSION = 1;
				DYLIB_INSTALL_NAME_BASE = "@rpath";
				INFOPLIST_FILE = "$(SRCROOT)/Info.plist";
				INSTALL_PATH = "$(LOCAL_LIBRARY_DIR)/Frameworks";
				LD_RUNPATH_SEARCH_PATHS = (
					"$(inherited)",
					"@executable_path/Frameworks",
					"@loader_path/Frameworks",
				);
				PRODUCT_BUNDLE_IDENTIFIER = com.google.test.GSCXScanner;
				PRODUCT_NAME = "$(TARGET_NAME:c99extidentifier)";
				SKIP_INSTALL = YES;
				TARGETED_DEVICE_FAMILY = "1,2";
			};
			name = Release;
		};
/* End XCBuildConfiguration section */

/* Begin XCConfigurationList section */
		616525A52208F0EE00CBC788 /* Build configuration list for PBXProject "GSCXScanner" */ = {
			isa = XCConfigurationList;
			buildConfigurations = (
				616525B12208F0EE00CBC788 /* Debug */,
				616525B22208F0EE00CBC788 /* Release */,
			);
			defaultConfigurationIsVisible = 0;
			defaultConfigurationName = Release;
		};
		616525B32208F0EE00CBC788 /* Build configuration list for PBXNativeTarget "GSCXScanner" */ = {
			isa = XCConfigurationList;
			buildConfigurations = (
				616525B42208F0EE00CBC788 /* Debug */,
				616525B52208F0EE00CBC788 /* Release */,
			);
			defaultConfigurationIsVisible = 0;
			defaultConfigurationName = Release;
		};
/* End XCConfigurationList section */
	};
	rootObject = 616525A22208F0EE00CBC788 /* Project object */;
}
